{
  "version": 4,
  "terraform_version": "1.12.2",
  "serial": 484,
  "lineage": "b30409a2-8436-3e28-137e-5dfd86c8e5c2",
  "outputs": {
    "alb_configuration": {
      "value": {
        "alb_arn": "arn:aws:elasticloadbalancing:ap-northeast-2:040108639270:loadbalancer/app/dev-app-alb/04f09bef1f523de2",
        "alb_dns_name": "dev-app-alb-1145561150.ap-northeast-2.elb.amazonaws.com",
        "alb_zone_id": "ZWKZPGTI48KDX",
        "listener_arn": "arn:aws:elasticloadbalancing:ap-northeast-2:040108639270:listener/app/dev-app-alb/04f09bef1f523de2/8347c00fd28a8b42",
        "security_group_id": "sg-0ee9734a4d5728543",
        "target_group_arn": "arn:aws:elasticloadbalancing:ap-northeast-2:040108639270:targetgroup/dev-app-web-tg/d42d4b08f441e906"
      },
      "type": [
        "object",
        {
          "alb_arn": "string",
          "alb_dns_name": "string",
          "alb_zone_id": "string",
          "listener_arn": "string",
          "security_group_id": "string",
          "target_group_arn": "string"
        }
      ]
    },
    "connection_strings": {
      "value": {
        "mysql_connection": "mysql://dbadmin:MySecurePassword123!@my-rds-database.czkqiocku8ru.ap-northeast-2.rds.amazonaws.com:3306:3306/mydb"
      },
      "type": [
        "object",
        {
          "mysql_connection": "string"
        }
      ],
      "sensitive": true
    },
    "cost_optimization_info": {
      "value": {
        "auto_scaling_enabled": true,
        "environment_tier": "dev",
        "estimated_monthly_cost": "Low",
        "multi_az_enabled": false,
        "spot_instances_enabled": false
      },
      "type": [
        "object",
        {
          "auto_scaling_enabled": "bool",
          "environment_tier": "string",
          "estimated_monthly_cost": "string",
          "multi_az_enabled": "bool",
          "spot_instances_enabled": "bool"
        }
      ]
    },
    "deployment_info": {
      "value": {
        "account_id": "040108639270",
        "aws_provider_version": "~\u003e5.0",
        "aws_region": "ap-northeast-2",
        "deployment_timestamp": "2025-10-17T07:19:23Z",
        "environment": "dev",
        "project_name": "dev-app",
        "terraform_version": "\u003e=1.0"
      },
      "type": [
        "object",
        {
          "account_id": "string",
          "aws_provider_version": "string",
          "aws_region": "string",
          "deployment_timestamp": "string",
          "environment": "string",
          "project_name": "string",
          "terraform_version": "string"
        }
      ]
    },
    "monitoring_info": {
      "value": {
        "application_log_group_arn": "arn:aws:logs:ap-northeast-2:040108639270:log-group:/aws/application/dev-app",
        "application_log_group_name": "/aws/application/dev-app",
        "security_log_group_arn": "arn:aws:logs:ap-northeast-2:040108639270:log-group:/aws/security/dev-app",
        "security_log_group_name": "/aws/security/dev-app",
        "sns_topic_arn": "arn:aws:sns:ap-northeast-2:040108639270:dev-app-security-alerts"
      },
      "type": [
        "object",
        {
          "application_log_group_arn": "string",
          "application_log_group_name": "string",
          "security_log_group_arn": "string",
          "security_log_group_name": "string",
          "sns_topic_arn": "string"
        }
      ]
    },
    "rds_connection_info": {
      "value": {
        "database": "mydb",
        "host": "my-rds-database.czkqiocku8ru.ap-northeast-2.rds.amazonaws.com:3306",
        "port": 3306,
        "username": "dbadmin"
      },
      "type": [
        "object",
        {
          "database": "string",
          "host": "string",
          "port": "number",
          "username": "string"
        }
      ],
      "sensitive": true
    },
    "rds_info": {
      "value": {
        "db_instance_arn": "arn:aws:rds:ap-northeast-2:040108639270:db:my-rds-database",
        "db_instance_endpoint": "my-rds-database.czkqiocku8ru.ap-northeast-2.rds.amazonaws.com:3306",
        "db_instance_id": "db-FBPAIUKFW35RLCBUYSCDCKI22Q",
        "db_instance_port": 3306,
        "db_subnet_group_name": "dev-app-db-subnet-group",
        "engine": "mysql",
        "engine_version": "8.0.42",
        "parameter_group_name": "dev-app-db-parameter-group",
        "security_group_id": "sg-07d5a13b751a09f4f"
      },
      "type": [
        "object",
        {
          "db_instance_arn": "string",
          "db_instance_endpoint": "string",
          "db_instance_id": "string",
          "db_instance_port": "number",
          "db_subnet_group_name": "string",
          "engine": "string",
          "engine_version": "string",
          "parameter_group_name": "string",
          "security_group_id": "string"
        }
      ],
      "sensitive": true
    },
    "security_checklist": {
      "value": {
        "backup_enabled": true,
        "cloudtrail_enabled": true,
        "config_enabled": true,
        "encryption_at_rest_enabled": true,
        "encryption_in_transit_enabled": true,
        "guardduty_enabled": true,
        "kms_key_rotation_enabled": true,
        "monitoring_enabled": true,
        "multi_az_enabled": false,
        "security_hub_enabled": true,
        "vpc_flow_logs_enabled": true
      },
      "type": [
        "object",
        {
          "backup_enabled": "bool",
          "cloudtrail_enabled": "bool",
          "config_enabled": "bool",
          "encryption_at_rest_enabled": "bool",
          "encryption_in_transit_enabled": "bool",
          "guardduty_enabled": "bool",
          "kms_key_rotation_enabled": "bool",
          "monitoring_enabled": "bool",
          "multi_az_enabled": "bool",
          "security_hub_enabled": "bool",
          "vpc_flow_logs_enabled": "bool"
        }
      ]
    },
    "security_configuration": {
      "value": {
        "bastion_security_group_id": "sg-03179e1621480b077",
        "eks_app_role_arn": null,
        "kms_alias_name": "alias/dev-app-test",
        "kms_key_arn": "arn:aws:kms:ap-northeast-2:040108639270:key/95900e5b-a1f0-4110-910c-a42cfd01ae4e",
        "kms_key_id": "95900e5b-a1f0-4110-910c-a42cfd01ae4e",
        "sns_topic_arn": "arn:aws:sns:ap-northeast-2:040108639270:dev-app-security-alerts"
      },
      "type": [
        "object",
        {
          "bastion_security_group_id": "string",
          "eks_app_role_arn": "dynamic",
          "kms_alias_name": "string",
          "kms_key_arn": "string",
          "kms_key_id": "string",
          "sns_topic_arn": "string"
        }
      ]
    },
    "vpc_info": {
      "value": {
        "database_subnet_ids": [
          "subnet-0318804116c77a3fc",
          "subnet-004a920e571afbbc5"
        ],
        "internet_gateway_id": "igw-082a641c540fe0502",
        "nat_gateway_ids": [
          "nat-00d15e67eed97ada7"
        ],
        "private_subnet_ids": [
          "subnet-0bbaac0d74842b388",
          "subnet-0bfbf820a974e3e6c"
        ],
        "public_subnet_ids": [
          "subnet-073cb3ab75ce4a61a",
          "subnet-01dcc350914d93b06"
        ],
        "route_table_ids": [
          "rtb-00cc244adcf542149",
          "rtb-0b679a2e22f782313"
        ],
        "vpc_cidr": "10.0.0.0/16",
        "vpc_id": "vpc-0e0f2f664d2c8d921"
      },
      "type": [
        "object",
        {
          "database_subnet_ids": [
            "tuple",
            [
              "string",
              "string"
            ]
          ],
          "internet_gateway_id": "string",
          "nat_gateway_ids": [
            "tuple",
            [
              "string"
            ]
          ],
          "private_subnet_ids": [
            "list",
            "string"
          ],
          "public_subnet_ids": [
            "tuple",
            [
              "string",
              "string"
            ]
          ],
          "route_table_ids": [
            "tuple",
            [
              "string",
              "string"
            ]
          ],
          "vpc_cidr": "string",
          "vpc_id": "string"
        }
      ]
    },
    "web_autoscaling": {
      "value": {
        "asg_name": "dev-app-web-asg",
        "desired_count": 2,
        "target_group": "arn:aws:elasticloadbalancing:ap-northeast-2:040108639270:targetgroup/dev-app-web-tg/d42d4b08f441e906"
      },
      "type": [
        "object",
        {
          "asg_name": "string",
          "desired_count": "number",
          "target_group": "string"
        }
      ]
    }
  },
  "resources": [
    {
      "mode": "data",
      "type": "aws_ami",
      "name": "web",
      "provider": "provider[\"registry.terraform.io/hashicorp/aws\"]",
      "instances": [
        {
          "schema_version": 0,
          "attributes": {
            "architecture": "x86_64",
            "arn": "arn:aws:ec2:ap-northeast-2::image/ami-05934a8cc96e79d72",
            "block_device_mappings": [
              {
                "device_name": "/dev/xvda",
                "ebs": {
                  "delete_on_termination": "true",
                  "encrypted": "false",
                  "iops": "0",
                  "snapshot_id": "snap-0b6ebd03033d8f38a",
                  "throughput": "0",
                  "volume_size": "8",
                  "volume_type": "gp2"
                },
                "no_device": "",
                "virtual_name": ""
              }
            ],
            "boot_mode": "",
            "creation_date": "2025-10-08T20:30:23.000Z",
            "deprecation_time": "2026-01-06T00:00:00.000Z",
            "description": "Amazon Linux 2 AMI 2.0.20251014.0 x86_64 HVM gp2",
            "ena_support": true,
            "executable_users": null,
            "filter": [
              {
                "name": "name",
                "values": [
                  "amzn2-ami-hvm-*-x86_64-gp2"
                ]
              }
            ],
            "hypervisor": "xen",
            "id": "ami-05934a8cc96e79d72",
            "image_id": "ami-05934a8cc96e79d72",
            "image_location": "amazon/amzn2-ami-hvm-2.0.20251014.0-x86_64-gp2",
            "image_owner_alias": "amazon",
            "image_type": "machine",
            "imds_support": "",
            "include_deprecated": false,
            "kernel_id": "",
            "most_recent": true,
            "name": "amzn2-ami-hvm-2.0.20251014.0-x86_64-gp2",
            "name_regex": null,
            "owner_id": "137112412989",
            "owners": [
              "amazon"
            ],
            "platform": "",
            "platform_details": "Linux/UNIX",
            "product_codes": [],
            "public": true,
            "ramdisk_id": "",
            "root_device_name": "/dev/xvda",
            "root_device_type": "ebs",
            "root_snapshot_id": "snap-0b6ebd03033d8f38a",
            "sriov_net_support": "simple",
            "state": "available",
            "state_reason": {
              "code": "UNSET",
              "message": "UNSET"
            },
            "tags": {},
            "timeouts": null,
            "tpm_support": "",
            "usage_operation": "RunInstances",
            "virtualization_type": "hvm"
          },
          "sensitive_attributes": [],
          "identity_schema_version": 0
        }
      ]
    },
    {
      "mode": "data",
      "type": "aws_availability_zones",
      "name": "available",
      "provider": "provider[\"registry.terraform.io/hashicorp/aws\"]",
      "instances": [
        {
          "schema_version": 0,
          "attributes": {
            "all_availability_zones": null,
            "exclude_names": null,
            "exclude_zone_ids": null,
            "filter": null,
            "group_names": [
              "ap-northeast-2-zg-1"
            ],
            "id": "ap-northeast-2",
            "names": [
              "ap-northeast-2a",
              "ap-northeast-2b",
              "ap-northeast-2c",
              "ap-northeast-2d"
            ],
            "state": "available",
            "timeouts": null,
            "zone_ids": [
              "apne2-az1",
              "apne2-az2",
              "apne2-az3",
              "apne2-az4"
            ]
          },
          "sensitive_attributes": [],
          "identity_schema_version": 0
        }
      ]
    },
    {
      "mode": "data",
      "type": "aws_caller_identity",
      "name": "current",
      "provider": "provider[\"registry.terraform.io/hashicorp/aws\"]",
      "instances": [
        {
          "schema_version": 0,
          "attributes": {
            "account_id": "040108639270",
            "arn": "arn:aws:iam::040108639270:user/pj4-terraform",
            "id": "040108639270",
            "user_id": "AIDAQSVVJIQTIPFYSO6JM"
          },
          "sensitive_attributes": [],
          "identity_schema_version": 0
        }
      ]
    },
    {
      "mode": "data",
      "type": "aws_region",
      "name": "current",
      "provider": "provider[\"registry.terraform.io/hashicorp/aws\"]",
      "instances": [
        {
          "schema_version": 0,
          "attributes": {
            "description": "Asia Pacific (Seoul)",
            "endpoint": "ec2.ap-northeast-2.amazonaws.com",
            "id": "ap-northeast-2",
            "name": "ap-northeast-2"
          },
          "sensitive_attributes": [],
          "identity_schema_version": 0
        }
      ]
    },
    {
      "mode": "data",
      "type": "aws_security_group",
      "name": "rds_sg",
      "provider": "provider[\"registry.terraform.io/hashicorp/aws\"]",
      "instances": [
        {
          "schema_version": 0,
          "attributes": {
            "arn": "arn:aws:ec2:ap-northeast-2:040108639270:security-group/sg-07d5a13b751a09f4f",
            "description": "Security group for RDS instance",
            "filter": null,
            "id": "sg-07d5a13b751a09f4f",
            "name": "dev-app-rds-20251017045722690700000002",
            "tags": {
              "Component": "Database",
              "CostCenter": "default-cost-center",
              "Environment": "dev",
              "ManagedBy": "Terraform",
              "Name": "dev-app-rds-sg",
              "Owner": "Team2",
              "Project": "security-monitoring",
              "Terraform": "true",
              "Type": "Database Security Group"
            },
            "timeouts": null,
            "vpc_id": "vpc-0e0f2f664d2c8d921"
          },
          "sensitive_attributes": [],
          "identity_schema_version": 0
        }
      ]
    },
    {
      "mode": "managed",
      "type": "aws_cloudwatch_log_group",
      "name": "application_logs",
      "provider": "provider[\"registry.terraform.io/hashicorp/aws\"]",
      "instances": [
        {
          "schema_version": 0,
          "attributes": {
            "arn": "arn:aws:logs:ap-northeast-2:040108639270:log-group:/aws/application/dev-app",
            "id": "/aws/application/dev-app",
            "kms_key_id": "",
            "name": "/aws/application/dev-app",
            "name_prefix": "",
            "retention_in_days": 30,
            "skip_destroy": false,
            "tags": {
              "Component": "Monitoring",
              "Environment": "dev",
              "Name": "dev-app-app-logs",
              "Owner": "Team2",
              "Project": "security-monitoring",
              "Terraform": "true"
            },
            "tags_all": {
              "Component": "Monitoring",
              "CostCenter": "default-cost-center",
              "Environment": "dev",
              "ManagedBy": "Terraform",
              "Name": "dev-app-app-logs",
              "Owner": "Team2",
              "Project": "security-monitoring",
              "Terraform": "true"
            }
          },
          "sensitive_attributes": [],
          "identity_schema_version": 0,
          "private": "bnVsbA=="
        }
      ]
    },
    {
      "mode": "managed",
      "type": "aws_cloudwatch_log_group",
      "name": "security_logs",
      "provider": "provider[\"registry.terraform.io/hashicorp/aws\"]",
      "instances": [
        {
          "schema_version": 0,
          "attributes": {
            "arn": "arn:aws:logs:ap-northeast-2:040108639270:log-group:/aws/security/dev-app",
            "id": "/aws/security/dev-app",
            "kms_key_id": "",
            "name": "/aws/security/dev-app",
            "name_prefix": "",
            "retention_in_days": 90,
            "skip_destroy": false,
            "tags": {
              "Component": "Monitoring",
              "Environment": "dev",
              "Name": "dev-app-security-logs",
              "Owner": "Team2",
              "Project": "security-monitoring",
              "Terraform": "true"
            },
            "tags_all": {
              "Component": "Monitoring",
              "CostCenter": "default-cost-center",
              "Environment": "dev",
              "ManagedBy": "Terraform",
              "Name": "dev-app-security-logs",
              "Owner": "Team2",
              "Project": "security-monitoring",
              "Terraform": "true"
            }
          },
          "sensitive_attributes": [],
          "identity_schema_version": 0,
          "private": "bnVsbA=="
        }
      ]
    },
    {
      "mode": "managed",
      "type": "aws_kms_alias",
      "name": "main",
      "provider": "provider[\"registry.terraform.io/hashicorp/aws\"]",
      "instances": [
        {
          "schema_version": 0,
          "attributes": {
            "arn": "arn:aws:kms:ap-northeast-2:040108639270:alias/dev-app-test",
            "id": "alias/dev-app-test",
            "name": "alias/dev-app-test",
            "name_prefix": "",
            "target_key_arn": "arn:aws:kms:ap-northeast-2:040108639270:key/95900e5b-a1f0-4110-910c-a42cfd01ae4e",
            "target_key_id": "95900e5b-a1f0-4110-910c-a42cfd01ae4e"
          },
          "sensitive_attributes": [],
          "identity_schema_version": 0,
          "private": "bnVsbA==",
          "dependencies": [
            "aws_kms_key.main",
            "data.aws_caller_identity.current"
          ]
        }
      ]
    },
    {
      "mode": "managed",
      "type": "aws_kms_key",
      "name": "main",
      "provider": "provider[\"registry.terraform.io/hashicorp/aws\"]",
      "instances": [
        {
          "schema_version": 0,
          "attributes": {
            "arn": "arn:aws:kms:ap-northeast-2:040108639270:key/95900e5b-a1f0-4110-910c-a42cfd01ae4e",
            "bypass_policy_lockout_safety_check": false,
            "custom_key_store_id": "",
            "customer_master_key_spec": "SYMMETRIC_DEFAULT",
            "deletion_window_in_days": 7,
            "description": "KMS key for dev-app",
            "enable_key_rotation": true,
            "id": "95900e5b-a1f0-4110-910c-a42cfd01ae4e",
            "is_enabled": true,
            "key_id": "95900e5b-a1f0-4110-910c-a42cfd01ae4e",
            "key_usage": "ENCRYPT_DECRYPT",
            "multi_region": false,
            "policy": "{\"Statement\":[{\"Action\":\"kms:*\",\"Effect\":\"Allow\",\"Principal\":{\"AWS\":\"arn:aws:iam::040108639270:root\"},\"Resource\":\"*\",\"Sid\":\"Enable IAM User Permissions\"},{\"Action\":[\"kms:Decrypt\",\"kms:GenerateDataKey\"],\"Effect\":\"Allow\",\"Principal\":{\"Service\":\"eks.amazonaws.com\"},\"Resource\":\"*\",\"Sid\":\"Allow EKS Service\"}],\"Version\":\"2012-10-17\"}",
            "tags": {
              "Component": "Security",
              "Environment": "dev",
              "Name": "dev-app-kms",
              "Owner": "Team2",
              "Project": "security-monitoring",
              "Terraform": "true"
            },
            "tags_all": {
              "Component": "Security",
              "CostCenter": "default-cost-center",
              "Environment": "dev",
              "ManagedBy": "Terraform",
              "Name": "dev-app-kms",
              "Owner": "Team2",
              "Project": "security-monitoring",
              "Terraform": "true"
            },
            "timeouts": null
          },
          "sensitive_attributes": [],
          "identity_schema_version": 0,
          "private": "eyJlMmJmYjczMC1lY2FhLTExZTYtOGY4OC0zNDM2M2JjN2M0YzAiOnsiY3JlYXRlIjoxMjAwMDAwMDAwMDB9fQ==",
          "dependencies": [
            "data.aws_caller_identity.current"
          ]
        }
      ]
    },
    {
      "mode": "managed",
      "type": "aws_security_group",
      "name": "monitoring",
      "provider": "provider[\"registry.terraform.io/hashicorp/aws\"]",
      "instances": [
        {
          "schema_version": 1,
          "attributes": {
            "arn": "arn:aws:ec2:ap-northeast-2:040108639270:security-group/sg-00fd21243a9e9456b",
            "description": "Security group for monitoring services (Prometheus, Grafana etc.)",
            "egress": [
              {
                "cidr_blocks": [
                  "0.0.0.0/0"
                ],
                "description": "All outbound traffic",
                "from_port": 0,
                "ipv6_cidr_blocks": [],
                "prefix_list_ids": [],
                "protocol": "-1",
                "security_groups": [],
                "self": false,
                "to_port": 0
              }
            ],
            "id": "sg-00fd21243a9e9456b",
            "ingress": [
              {
                "cidr_blocks": [
                  "10.0.0.0/16"
                ],
                "description": "Grafana",
                "from_port": 3000,
                "ipv6_cidr_blocks": [],
                "prefix_list_ids": [],
                "protocol": "tcp",
                "security_groups": [],
                "self": false,
                "to_port": 3000
              },
              {
                "cidr_blocks": [
                  "10.0.0.0/16"
                ],
                "description": "Node Exporter",
                "from_port": 9100,
                "ipv6_cidr_blocks": [],
                "prefix_list_ids": [],
                "protocol": "tcp",
                "security_groups": [],
                "self": false,
                "to_port": 9100
              },
              {
                "cidr_blocks": [
                  "10.0.0.0/16"
                ],
                "description": "Prometheus",
                "from_port": 9090,
                "ipv6_cidr_blocks": [],
                "prefix_list_ids": [],
                "protocol": "tcp",
                "security_groups": [],
                "self": false,
                "to_port": 9090
              }
            ],
            "name": "dev-app-dev-monitoring20251017045256179900000004",
            "name_prefix": "dev-app-dev-monitoring",
            "owner_id": "040108639270",
            "revoke_rules_on_delete": false,
            "tags": {
              "Component": "Monitoring",
              "Name": "dev-app-dev-monitoring-sg"
            },
            "tags_all": {
              "Component": "Monitoring",
              "CostCenter": "default-cost-center",
              "Environment": "dev",
              "ManagedBy": "Terraform",
              "Name": "dev-app-dev-monitoring-sg",
              "Owner": "DevSecOps Team",
              "Project": "dev-app"
            },
            "timeouts": null,
            "vpc_id": "vpc-0e0f2f664d2c8d921"
          },
          "sensitive_attributes": [],
          "identity_schema_version": 0,
          "private": "eyJlMmJmYjczMC1lY2FhLTExZTYtOGY4OC0zNDM2M2JjN2M0YzAiOnsiY3JlYXRlIjo2MDAwMDAwMDAwMDAsImRlbGV0ZSI6OTAwMDAwMDAwMDAwfSwic2NoZW1hX3ZlcnNpb24iOiIxIn0=",
          "dependencies": [
            "module.vpc.aws_vpc.main"
          ]
        }
      ]
    },
    {
      "mode": "managed",
      "type": "aws_security_group",
      "name": "vpc_endpoints",
      "provider": "provider[\"registry.terraform.io/hashicorp/aws\"]",
      "instances": [
        {
          "schema_version": 1,
          "attributes": {
            "arn": "arn:aws:ec2:ap-northeast-2:040108639270:security-group/sg-06f931218ed480153",
            "description": "Security group for VPC endpoints",
            "egress": [],
            "id": "sg-06f931218ed480153",
            "ingress": [
              {
                "cidr_blocks": [
                  "10.0.0.0/16"
                ],
                "description": "DNS from VPC (UDP)",
                "from_port": 53,
                "ipv6_cidr_blocks": [],
                "prefix_list_ids": [],
                "protocol": "udp",
                "security_groups": [],
                "self": false,
                "to_port": 53
              },
              {
                "cidr_blocks": [
                  "10.0.0.0/16"
                ],
                "description": "DNS from VPC",
                "from_port": 53,
                "ipv6_cidr_blocks": [],
                "prefix_list_ids": [],
                "protocol": "tcp",
                "security_groups": [],
                "self": false,
                "to_port": 53
              },
              {
                "cidr_blocks": [
                  "10.0.0.0/16"
                ],
                "description": "HTTPS from VPC",
                "from_port": 443,
                "ipv6_cidr_blocks": [],
                "prefix_list_ids": [],
                "protocol": "tcp",
                "security_groups": [],
                "self": false,
                "to_port": 443
              }
            ],
            "name": "dev-app-dev-vpc-endpoints20251017045256077000000003",
            "name_prefix": "dev-app-dev-vpc-endpoints",
            "owner_id": "040108639270",
            "revoke_rules_on_delete": false,
            "tags": {
              "Component": "VPCEndpoints",
              "Name": "dev-app-dev-vpc-endpoints-sg"
            },
            "tags_all": {
              "Component": "VPCEndpoints",
              "CostCenter": "default-cost-center",
              "Environment": "dev",
              "ManagedBy": "Terraform",
              "Name": "dev-app-dev-vpc-endpoints-sg",
              "Owner": "DevSecOps Team",
              "Project": "dev-app"
            },
            "timeouts": null,
            "vpc_id": "vpc-0e0f2f664d2c8d921"
          },
          "sensitive_attributes": [],
          "identity_schema_version": 0,
          "private": "eyJlMmJmYjczMC1lY2FhLTExZTYtOGY4OC0zNDM2M2JjN2M0YzAiOnsiY3JlYXRlIjo2MDAwMDAwMDAwMDAsImRlbGV0ZSI6OTAwMDAwMDAwMDAwfSwic2NoZW1hX3ZlcnNpb24iOiIxIn0=",
          "dependencies": [
            "module.vpc.aws_vpc.main"
          ]
        }
      ]
    },
    {
      "mode": "managed",
      "type": "aws_sns_topic",
      "name": "security_alerts",
      "provider": "provider[\"registry.terraform.io/hashicorp/aws\"]",
      "instances": [
        {
          "schema_version": 0,
          "attributes": {
            "application_failure_feedback_role_arn": "",
            "application_success_feedback_role_arn": "",
            "application_success_feedback_sample_rate": 0,
            "archive_policy": "",
            "arn": "arn:aws:sns:ap-northeast-2:040108639270:dev-app-security-alerts",
            "beginning_archive_time": "",
            "content_based_deduplication": false,
            "delivery_policy": "",
            "display_name": "",
            "fifo_topic": false,
            "firehose_failure_feedback_role_arn": "",
            "firehose_success_feedback_role_arn": "",
            "firehose_success_feedback_sample_rate": 0,
            "http_failure_feedback_role_arn": "",
            "http_success_feedback_role_arn": "",
            "http_success_feedback_sample_rate": 0,
            "id": "arn:aws:sns:ap-northeast-2:040108639270:dev-app-security-alerts",
            "kms_master_key_id": "",
            "lambda_failure_feedback_role_arn": "",
            "lambda_success_feedback_role_arn": "",
            "lambda_success_feedback_sample_rate": 0,
            "name": "dev-app-security-alerts",
            "name_prefix": "",
            "owner": "040108639270",
            "policy": "{\"Id\":\"__default_policy_ID\",\"Statement\":[{\"Action\":[\"SNS:GetTopicAttributes\",\"SNS:SetTopicAttributes\",\"SNS:AddPermission\",\"SNS:RemovePermission\",\"SNS:DeleteTopic\",\"SNS:Subscribe\",\"SNS:ListSubscriptionsByTopic\",\"SNS:Publish\"],\"Condition\":{\"StringEquals\":{\"AWS:SourceOwner\":\"040108639270\"}},\"Effect\":\"Allow\",\"Principal\":{\"AWS\":\"*\"},\"Resource\":\"arn:aws:sns:ap-northeast-2:040108639270:dev-app-security-alerts\",\"Sid\":\"__default_statement_ID\"}],\"Version\":\"2008-10-17\"}",
            "signature_version": 0,
            "sqs_failure_feedback_role_arn": "",
            "sqs_success_feedback_role_arn": "",
            "sqs_success_feedback_sample_rate": 0,
            "tags": {
              "Component": "Notifications",
              "Environment": "dev",
              "Name": "dev-app-security-alerts",
              "Owner": "Team2",
              "Project": "security-monitoring",
              "Terraform": "true"
            },
            "tags_all": {
              "Component": "Notifications",
              "CostCenter": "default-cost-center",
              "Environment": "dev",
              "ManagedBy": "Terraform",
              "Name": "dev-app-security-alerts",
              "Owner": "Team2",
              "Project": "security-monitoring",
              "Terraform": "true"
            },
            "tracing_config": ""
          },
          "sensitive_attributes": [],
          "identity_schema_version": 0,
          "private": "bnVsbA=="
        }
      ]
    },
    {
      "mode": "managed",
      "type": "aws_ssm_parameter",
      "name": "security_policy",
      "provider": "provider[\"registry.terraform.io/hashicorp/aws\"]",
      "instances": [
        {
          "schema_version": 0,
          "attributes": {
            "allowed_pattern": "",
            "arn": "arn:aws:ssm:ap-northeast-2:040108639270:parameter/dev-app/dev/security/policy",
            "data_type": "text",
            "description": "Security policy document for dev-app dev",
            "id": "/dev-app/dev/security/policy",
            "insecure_value": null,
            "key_id": "",
            "name": "/dev-app/dev/security/policy",
            "overwrite": null,
            "tags": {
              "Component": "Security",
              "Name": "dev-app-dev-security-policy"
            },
            "tags_all": {
              "Component": "Security",
              "CostCenter": "default-cost-center",
              "Environment": "dev",
              "ManagedBy": "Terraform",
              "Name": "dev-app-dev-security-policy",
              "Owner": "DevSecOps Team",
              "Project": "dev-app"
            },
            "tier": "Standard",
            "type": "String",
            "value": "{\"access_control\":{\"description\":\"Access Control Configuration\",\"rules\":[\"Bastion host required for administrative access\",\"Service-to-service communication via security groups\",\"Least privilege IAM roles for all services\",\"MFA required for sensitive operations\"]},\"application_security\":{\"description\":\"Application Security Configuration\",\"rules\":[\"EKS clusters use private endpoints\",\"RDS instances are in private subnets only\",\"All communications use TLS/SSL encryption\"]},\"monitoring_security\":{\"description\":\"Security Monitoring Configuration\",\"rules\":[\"CloudTrail enabled for all API calls\",\"GuardDuty active threat detection\",\"Security Hub centralized findings\",\"VPC Flow Logs for network analysis\"]},\"vpc_security\":{\"description\":\"VPC Security Configuration\",\"rules\":[\"All traffic between subnets is controlled by security groups\",\"Database subnets are isolated from public internet\",\"Private subnets use NAT Gateway for outbound internet access\",\"VPC Flow Logs are enabled for network monitoring\"]}}",
            "version": 1
          },
          "sensitive_attributes": [
            [
              {
                "type": "get_attr",
                "value": "value"
              }
            ]
          ],
          "identity_schema_version": 0,
          "private": "bnVsbA=="
        }
      ]
    },
    {
      "module": "module.ec2",
      "mode": "managed",
      "type": "aws_autoscaling_group",
      "name": "web",
      "provider": "provider[\"registry.terraform.io/hashicorp/aws\"]",
      "instances": [
        {
          "schema_version": 1,
          "attributes": {
            "arn": "arn:aws:autoscaling:ap-northeast-2:040108639270:autoScalingGroup:da7e2cdf-5c63-41c2-969a-00d206517771:autoScalingGroupName/dev-app-web-asg",
            "availability_zones": [
              "ap-northeast-2a",
              "ap-northeast-2b"
            ],
            "capacity_rebalance": false,
            "context": "",
            "default_cooldown": 300,
            "default_instance_warmup": 0,
            "desired_capacity": 2,
            "desired_capacity_type": "",
            "enabled_metrics": [],
            "force_delete": false,
            "force_delete_warm_pool": false,
            "health_check_grace_period": 300,
            "health_check_type": "EC2",
            "id": "dev-app-web-asg",
            "ignore_failed_scaling_activities": false,
            "initial_lifecycle_hook": [],
            "instance_maintenance_policy": [],
            "instance_refresh": [
              {
                "preferences": [
                  {
                    "auto_rollback": false,
                    "checkpoint_delay": "",
                    "checkpoint_percentages": [],
                    "instance_warmup": "60",
                    "min_healthy_percentage": 90,
                    "scale_in_protected_instances": "Ignore",
                    "skip_matching": false,
                    "standby_instances": "Ignore"
                  }
                ],
                "strategy": "Rolling",
                "triggers": [
                  "launch_template"
                ]
              }
            ],
            "launch_configuration": "",
            "launch_template": [
              {
                "id": "lt-09f47670ef0484cbc",
                "name": "dev-app-web-20251017045255646500000001",
                "version": "$Latest"
              }
            ],
            "load_balancers": [],
            "max_instance_lifetime": 0,
            "max_size": 3,
            "metrics_granularity": "1Minute",
            "min_elb_capacity": null,
            "min_size": 1,
            "mixed_instances_policy": [],
            "name": "dev-app-web-asg",
            "name_prefix": "",
            "placement_group": "",
            "predicted_capacity": 0,
            "protect_from_scale_in": false,
            "service_linked_role_arn": "arn:aws:iam::040108639270:role/aws-service-role/autoscaling.amazonaws.com/AWSServiceRoleForAutoScaling",
            "suspended_processes": [],
            "tag": [
              {
                "key": "Component",
                "propagate_at_launch": true,
                "value": "Networking"
              },
              {
                "key": "Environment",
                "propagate_at_launch": true,
                "value": "dev"
              },
              {
                "key": "Name",
                "propagate_at_launch": true,
                "value": "dev-app-web"
              },
              {
                "key": "Owner",
                "propagate_at_launch": true,
                "value": "Team2"
              },
              {
                "key": "Project",
                "propagate_at_launch": true,
                "value": "security-monitoring"
              },
              {
                "key": "Terraform",
                "propagate_at_launch": true,
                "value": "true"
              }
            ],
            "target_group_arns": [
              "arn:aws:elasticloadbalancing:ap-northeast-2:040108639270:targetgroup/dev-app-web-tg/d42d4b08f441e906"
            ],
            "termination_policies": [],
            "timeouts": null,
            "traffic_source": [
              {
                "identifier": "arn:aws:elasticloadbalancing:ap-northeast-2:040108639270:targetgroup/dev-app-web-tg/d42d4b08f441e906",
                "type": "elbv2"
              }
            ],
            "vpc_zone_identifier": [
              "subnet-0bbaac0d74842b388",
              "subnet-0bfbf820a974e3e6c"
            ],
            "wait_for_capacity_timeout": "10m",
            "wait_for_elb_capacity": null,
            "warm_pool": [],
            "warm_pool_size": 0
          },
          "sensitive_attributes": [],
          "identity_schema_version": 0,
          "private": "eyJlMmJmYjczMC1lY2FhLTExZTYtOGY4OC0zNDM2M2JjN2M0YzAiOnsiZGVsZXRlIjo2MDAwMDAwMDAwMDAsInVwZGF0ZSI6NjAwMDAwMDAwMDAwfSwic2NoZW1hX3ZlcnNpb24iOiIxIn0=",
          "dependencies": [
            "data.aws_ami.web",
            "module.ec2.aws_launch_template.web",
            "module.ec2.aws_lb_target_group.web",
            "module.ec2.aws_security_group.alb",
            "module.ec2.aws_security_group.web",
            "module.vpc.aws_subnet.private",
            "module.vpc.aws_vpc.main",
            "module.vpc.data.aws_availability_zones.available"
          ]
        }
      ]
    },
    {
      "module": "module.ec2",
      "mode": "managed",
      "type": "aws_instance",
      "name": "bastion",
      "provider": "provider[\"registry.terraform.io/hashicorp/aws\"]",
      "instances": [
        {
          "schema_version": 1,
          "attributes": {
            "ami": "ami-05934a8cc96e79d72",
            "arn": "arn:aws:ec2:ap-northeast-2:040108639270:instance/i-0fc1337df19caeef5",
            "associate_public_ip_address": true,
            "availability_zone": "ap-northeast-2a",
            "capacity_reservation_specification": [
              {
                "capacity_reservation_preference": "open",
                "capacity_reservation_target": []
              }
            ],
            "cpu_core_count": 1,
            "cpu_options": [
              {
                "amd_sev_snp": "",
                "core_count": 1,
                "threads_per_core": 2
              }
            ],
            "cpu_threads_per_core": 2,
            "credit_specification": [
              {
                "cpu_credits": "unlimited"
              }
            ],
            "disable_api_stop": false,
            "disable_api_termination": false,
            "ebs_block_device": [],
            "ebs_optimized": false,
            "enclave_options": [
              {
                "enabled": false
              }
            ],
            "ephemeral_block_device": [],
            "get_password_data": false,
            "hibernation": false,
            "host_id": "",
            "host_resource_group_arn": null,
            "iam_instance_profile": "",
            "id": "i-0fc1337df19caeef5",
            "instance_initiated_shutdown_behavior": "stop",
            "instance_lifecycle": "",
            "instance_market_options": [],
            "instance_state": "running",
            "instance_type": "t3.micro",
            "ipv6_address_count": 0,
            "ipv6_addresses": [],
            "key_name": "",
            "launch_template": [],
            "maintenance_options": [
              {
                "auto_recovery": "default"
              }
            ],
            "metadata_options": [
              {
                "http_endpoint": "enabled",
                "http_protocol_ipv6": "disabled",
                "http_put_response_hop_limit": 1,
                "http_tokens": "optional",
                "instance_metadata_tags": "disabled"
              }
            ],
            "monitoring": false,
            "network_interface": [],
            "outpost_arn": "",
            "password_data": "",
            "placement_group": "",
            "placement_partition_number": 0,
            "primary_network_interface_id": "eni-0923bf8f2671a1327",
            "private_dns": "ip-10-0-1-25.ap-northeast-2.compute.internal",
            "private_dns_name_options": [
              {
                "enable_resource_name_dns_a_record": false,
                "enable_resource_name_dns_aaaa_record": false,
                "hostname_type": "ip-name"
              }
            ],
            "private_ip": "10.0.1.25",
            "public_dns": "ec2-13-125-62-159.ap-northeast-2.compute.amazonaws.com",
            "public_ip": "13.125.62.159",
            "root_block_device": [
              {
                "delete_on_termination": true,
                "device_name": "/dev/xvda",
                "encrypted": false,
                "iops": 100,
                "kms_key_id": "",
                "tags": {},
                "throughput": 0,
                "volume_id": "vol-0ca5ee107e7615c13",
                "volume_size": 8,
                "volume_type": "gp2"
              }
            ],
            "secondary_private_ips": [],
            "security_groups": [],
            "source_dest_check": true,
            "spot_instance_request_id": "",
            "subnet_id": "subnet-073cb3ab75ce4a61a",
            "tags": {
              "Component": "Networking",
              "Environment": "dev",
              "Name": "dev-app-bastion",
              "Owner": "Team2",
              "Project": "security-monitoring",
              "Terraform": "true"
            },
            "tags_all": {
              "Component": "Networking",
              "CostCenter": "default-cost-center",
              "Environment": "dev",
              "ManagedBy": "Terraform",
              "Name": "dev-app-bastion",
              "Owner": "Team2",
              "Project": "security-monitoring",
              "Terraform": "true"
            },
            "tenancy": "default",
            "timeouts": null,
            "user_data": null,
            "user_data_base64": null,
            "user_data_replace_on_change": false,
            "volume_tags": null,
            "vpc_security_group_ids": [
              "sg-03179e1621480b077"
            ]
          },
          "sensitive_attributes": [],
          "identity_schema_version": 0,
          "private": "eyJlMmJmYjczMC1lY2FhLTExZTYtOGY4OC0zNDM2M2JjN2M0YzAiOnsiY3JlYXRlIjo2MDAwMDAwMDAwMDAsImRlbGV0ZSI6MTIwMDAwMDAwMDAwMCwidXBkYXRlIjo2MDAwMDAwMDAwMDB9LCJzY2hlbWFfdmVyc2lvbiI6IjEifQ==",
          "dependencies": [
            "data.aws_ami.web",
            "module.ec2.aws_security_group.bastion",
            "module.vpc.aws_subnet.public",
            "module.vpc.aws_vpc.main",
            "module.vpc.data.aws_availability_zones.available"
          ]
        }
      ]
    },
    {
      "module": "module.ec2",
      "mode": "managed",
      "type": "aws_launch_template",
      "name": "web",
      "provider": "provider[\"registry.terraform.io/hashicorp/aws\"]",
      "instances": [
        {
          "schema_version": 0,
          "attributes": {
            "arn": "arn:aws:ec2:ap-northeast-2:040108639270:launch-template/lt-09f47670ef0484cbc",
            "block_device_mappings": [],
            "capacity_reservation_specification": [],
            "cpu_options": [],
            "credit_specification": [],
            "default_version": 1,
            "description": "",
            "disable_api_stop": false,
            "disable_api_termination": false,
            "ebs_optimized": "",
            "elastic_gpu_specifications": [],
            "elastic_inference_accelerator": [],
            "enclave_options": [],
            "hibernation_options": [],
            "iam_instance_profile": [],
            "id": "lt-09f47670ef0484cbc",
            "image_id": "ami-05934a8cc96e79d72",
            "instance_initiated_shutdown_behavior": "",
            "instance_market_options": [],
            "instance_requirements": [],
            "instance_type": "t3.micro",
            "kernel_id": "",
            "key_name": "",
            "latest_version": 2,
            "license_specification": [],
            "maintenance_options": [],
            "metadata_options": [],
            "monitoring": [],
            "name": "dev-app-web-20251017045255646500000001",
            "name_prefix": "dev-app-web-",
            "network_interfaces": [],
            "placement": [],
            "private_dns_name_options": [],
            "ram_disk_id": "",
            "security_group_names": [],
            "tag_specifications": [
              {
                "resource_type": "instance",
                "tags": {
                  "Component": "Networking",
                  "Environment": "dev",
                  "Name": "dev-app-web",
                  "Owner": "Team2",
                  "Project": "security-monitoring",
                  "Role": "web",
                  "Terraform": "true"
                }
              }
            ],
            "tags": {},
            "tags_all": {
              "CostCenter": "default-cost-center",
              "Environment": "dev",
              "ManagedBy": "Terraform",
              "Owner": "DevSecOps Team",
              "Project": "dev-app"
            },
            "update_default_version": null,
            "user_data": "",
            "vpc_security_group_ids": [
              "sg-0e75330e203fb26fe"
            ]
          },
          "sensitive_attributes": [],
          "identity_schema_version": 0,
          "private": "bnVsbA==",
          "dependencies": [
            "data.aws_ami.web",
            "module.ec2.aws_security_group.alb",
            "module.ec2.aws_security_group.web",
            "module.vpc.aws_vpc.main"
          ]
        }
      ]
    },
    {
      "module": "module.ec2",
      "mode": "managed",
      "type": "aws_lb",
      "name": "main",
      "provider": "provider[\"registry.terraform.io/hashicorp/aws\"]",
      "instances": [
        {
          "index_key": 0,
          "schema_version": 0,
          "attributes": {
            "access_logs": [
              {
                "bucket": "",
                "enabled": false,
                "prefix": ""
              }
            ],
            "arn": "arn:aws:elasticloadbalancing:ap-northeast-2:040108639270:loadbalancer/app/dev-app-alb/04f09bef1f523de2",
            "arn_suffix": "app/dev-app-alb/04f09bef1f523de2",
            "customer_owned_ipv4_pool": "",
            "desync_mitigation_mode": "defensive",
            "dns_name": "dev-app-alb-1145561150.ap-northeast-2.elb.amazonaws.com",
            "dns_record_client_routing_policy": null,
            "drop_invalid_header_fields": false,
            "enable_cross_zone_load_balancing": true,
            "enable_deletion_protection": false,
            "enable_http2": true,
            "enable_tls_version_and_cipher_suite_headers": false,
            "enable_waf_fail_open": false,
            "enable_xff_client_port": false,
            "id": "arn:aws:elasticloadbalancing:ap-northeast-2:040108639270:loadbalancer/app/dev-app-alb/04f09bef1f523de2",
            "idle_timeout": 60,
            "internal": false,
            "ip_address_type": "ipv4",
            "load_balancer_type": "application",
            "name": "dev-app-alb",
            "name_prefix": "",
            "preserve_host_header": false,
            "security_groups": [
              "sg-0ee9734a4d5728543"
            ],
            "subnet_mapping": [
              {
                "allocation_id": "",
                "ipv6_address": "",
                "outpost_id": "",
                "private_ipv4_address": "",
                "subnet_id": "subnet-01dcc350914d93b06"
              },
              {
                "allocation_id": "",
                "ipv6_address": "",
                "outpost_id": "",
                "private_ipv4_address": "",
                "subnet_id": "subnet-073cb3ab75ce4a61a"
              }
            ],
            "subnets": [
              "subnet-01dcc350914d93b06",
              "subnet-073cb3ab75ce4a61a"
            ],
            "tags": {
              "Component": "LoadBalancer",
              "Environment": "dev",
              "Name": "dev-app-alb",
              "Owner": "Team2",
              "Project": "security-monitoring",
              "Terraform": "true"
            },
            "tags_all": {
              "Component": "LoadBalancer",
              "CostCenter": "default-cost-center",
              "Environment": "dev",
              "ManagedBy": "Terraform",
              "Name": "dev-app-alb",
              "Owner": "Team2",
              "Project": "security-monitoring",
              "Terraform": "true"
            },
            "timeouts": null,
            "vpc_id": "vpc-0e0f2f664d2c8d921",
            "xff_header_processing_mode": "append",
            "zone_id": "ZWKZPGTI48KDX"
          },
          "sensitive_attributes": [],
          "identity_schema_version": 0,
          "private": "eyJlMmJmYjczMC1lY2FhLTExZTYtOGY4OC0zNDM2M2JjN2M0YzAiOnsiY3JlYXRlIjo2MDAwMDAwMDAwMDAsImRlbGV0ZSI6NjAwMDAwMDAwMDAwLCJ1cGRhdGUiOjYwMDAwMDAwMDAwMH19",
          "dependencies": [
            "module.ec2.aws_security_group.alb",
            "module.vpc.aws_subnet.public",
            "module.vpc.aws_vpc.main",
            "module.vpc.data.aws_availability_zones.available"
          ]
        }
      ]
    },
    {
      "module": "module.ec2",
      "mode": "managed",
      "type": "aws_lb_listener",
      "name": "web",
      "provider": "provider[\"registry.terraform.io/hashicorp/aws\"]",
      "instances": [
        {
          "index_key": 0,
          "schema_version": 0,
          "attributes": {
            "alpn_policy": null,
            "arn": "arn:aws:elasticloadbalancing:ap-northeast-2:040108639270:listener/app/dev-app-alb/04f09bef1f523de2/8347c00fd28a8b42",
            "certificate_arn": null,
            "default_action": [
              {
                "authenticate_cognito": [],
                "authenticate_oidc": [],
                "fixed_response": [],
                "forward": [],
                "order": 1,
                "redirect": [],
                "target_group_arn": "arn:aws:elasticloadbalancing:ap-northeast-2:040108639270:targetgroup/dev-app-web-tg/d42d4b08f441e906",
                "type": "forward"
              }
            ],
            "id": "arn:aws:elasticloadbalancing:ap-northeast-2:040108639270:listener/app/dev-app-alb/04f09bef1f523de2/8347c00fd28a8b42",
            "load_balancer_arn": "arn:aws:elasticloadbalancing:ap-northeast-2:040108639270:loadbalancer/app/dev-app-alb/04f09bef1f523de2",
            "port": 80,
            "protocol": "HTTP",
            "ssl_policy": "",
            "tags": {
              "Component": "LoadBalancer",
              "Environment": "dev",
              "Name": "dev-app-alb-listener",
              "Owner": "Team2",
              "Project": "security-monitoring",
              "Terraform": "true"
            },
            "tags_all": {
              "Component": "LoadBalancer",
              "CostCenter": "default-cost-center",
              "Environment": "dev",
              "ManagedBy": "Terraform",
              "Name": "dev-app-alb-listener",
              "Owner": "Team2",
              "Project": "security-monitoring",
              "Terraform": "true"
            },
            "timeouts": null
          },
          "sensitive_attributes": [],
          "identity_schema_version": 0,
          "private": "eyJlMmJmYjczMC1lY2FhLTExZTYtOGY4OC0zNDM2M2JjN2M0YzAiOnsicmVhZCI6NjAwMDAwMDAwMDAwfX0=",
          "dependencies": [
            "module.ec2.aws_lb.main",
            "module.ec2.aws_lb_target_group.web",
            "module.ec2.aws_security_group.alb",
            "module.vpc.aws_subnet.public",
            "module.vpc.aws_vpc.main",
            "module.vpc.data.aws_availability_zones.available"
          ]
        }
      ]
    },
    {
      "module": "module.ec2",
      "mode": "managed",
      "type": "aws_lb_target_group",
      "name": "web",
      "provider": "provider[\"registry.terraform.io/hashicorp/aws\"]",
      "instances": [
        {
          "schema_version": 0,
          "attributes": {
            "arn": "arn:aws:elasticloadbalancing:ap-northeast-2:040108639270:targetgroup/dev-app-web-tg/d42d4b08f441e906",
            "arn_suffix": "targetgroup/dev-app-web-tg/d42d4b08f441e906",
            "connection_termination": null,
            "deregistration_delay": "300",
            "health_check": [
              {
                "enabled": true,
                "healthy_threshold": 2,
                "interval": 30,
                "matcher": "200",
                "path": "/",
                "port": "traffic-port",
                "protocol": "HTTP",
                "timeout": 5,
                "unhealthy_threshold": 2
              }
            ],
            "id": "arn:aws:elasticloadbalancing:ap-northeast-2:040108639270:targetgroup/dev-app-web-tg/d42d4b08f441e906",
            "ip_address_type": "ipv4",
            "lambda_multi_value_headers_enabled": false,
            "load_balancing_algorithm_type": "round_robin",
            "load_balancing_cross_zone_enabled": "use_load_balancer_configuration",
            "name": "dev-app-web-tg",
            "name_prefix": "",
            "port": 8080,
            "preserve_client_ip": null,
            "protocol": "HTTP",
            "protocol_version": "HTTP1",
            "proxy_protocol_v2": false,
            "slow_start": 0,
            "stickiness": [
              {
                "cookie_duration": 86400,
                "cookie_name": "",
                "enabled": false,
                "type": "lb_cookie"
              }
            ],
            "tags": {
              "Component": "Networking",
              "Environment": "dev",
              "Owner": "Team2",
              "Project": "security-monitoring",
              "Terraform": "true"
            },
            "tags_all": {
              "Component": "Networking",
              "CostCenter": "default-cost-center",
              "Environment": "dev",
              "ManagedBy": "Terraform",
              "Owner": "Team2",
              "Project": "security-monitoring",
              "Terraform": "true"
            },
            "target_failover": [
              {
                "on_deregistration": null,
                "on_unhealthy": null
              }
            ],
            "target_health_state": [
              {
                "enable_unhealthy_connection_termination": null
              }
            ],
            "target_type": "instance",
            "vpc_id": "vpc-0e0f2f664d2c8d921"
          },
          "sensitive_attributes": [],
          "identity_schema_version": 0,
          "private": "bnVsbA==",
          "dependencies": [
            "module.vpc.aws_vpc.main"
          ]
        }
      ]
    },
    {
      "module": "module.ec2",
      "mode": "managed",
      "type": "aws_security_group",
      "name": "alb",
      "provider": "provider[\"registry.terraform.io/hashicorp/aws\"]",
      "instances": [
        {
          "index_key": 0,
          "schema_version": 1,
          "attributes": {
            "arn": "arn:aws:ec2:ap-northeast-2:040108639270:security-group/sg-0ee9734a4d5728543",
            "description": "Security group for Application Load Balancer",
            "egress": [
              {
                "cidr_blocks": [
                  "0.0.0.0/0"
                ],
                "description": "All outbound traffic",
                "from_port": 0,
                "ipv6_cidr_blocks": [],
                "prefix_list_ids": [],
                "protocol": "-1",
                "security_groups": [],
                "self": false,
                "to_port": 0
              }
            ],
            "id": "sg-0ee9734a4d5728543",
            "ingress": [
              {
                "cidr_blocks": [
                  "0.0.0.0/0"
                ],
                "description": "HTTP",
                "from_port": 80,
                "ipv6_cidr_blocks": [],
                "prefix_list_ids": [],
                "protocol": "tcp",
                "security_groups": [],
                "self": false,
                "to_port": 80
              },
              {
                "cidr_blocks": [
                  "0.0.0.0/0"
                ],
                "description": "HTTPS",
                "from_port": 443,
                "ipv6_cidr_blocks": [],
                "prefix_list_ids": [],
                "protocol": "tcp",
                "security_groups": [],
                "self": false,
                "to_port": 443
              }
            ],
            "name": "dev-app-alb20251017045256579800000006",
            "name_prefix": "dev-app-alb",
            "owner_id": "040108639270",
            "revoke_rules_on_delete": false,
            "tags": {
              "Component": "LoadBalancer",
              "Environment": "dev",
              "Name": "dev-app-alb-sg",
              "Owner": "Team2",
              "Project": "security-monitoring",
              "Terraform": "true"
            },
            "tags_all": {
              "Component": "LoadBalancer",
              "CostCenter": "default-cost-center",
              "Environment": "dev",
              "ManagedBy": "Terraform",
              "Name": "dev-app-alb-sg",
              "Owner": "Team2",
              "Project": "security-monitoring",
              "Terraform": "true"
            },
            "timeouts": null,
            "vpc_id": "vpc-0e0f2f664d2c8d921"
          },
          "sensitive_attributes": [],
          "identity_schema_version": 0,
          "private": "eyJlMmJmYjczMC1lY2FhLTExZTYtOGY4OC0zNDM2M2JjN2M0YzAiOnsiY3JlYXRlIjo2MDAwMDAwMDAwMDAsImRlbGV0ZSI6OTAwMDAwMDAwMDAwfSwic2NoZW1hX3ZlcnNpb24iOiIxIn0=",
          "dependencies": [
            "module.vpc.aws_vpc.main"
          ],
          "create_before_destroy": true
        }
      ]
    },
    {
      "module": "module.ec2",
      "mode": "managed",
      "type": "aws_security_group",
      "name": "bastion",
      "provider": "provider[\"registry.terraform.io/hashicorp/aws\"]",
      "instances": [
        {
          "schema_version": 1,
          "attributes": {
            "arn": "arn:aws:ec2:ap-northeast-2:040108639270:security-group/sg-03179e1621480b077",
            "description": "Security group for bastion host access",
            "egress": [
              {
                "cidr_blocks": [
                  "0.0.0.0/0"
                ],
                "description": "All outbound traffic",
                "from_port": 0,
                "ipv6_cidr_blocks": [],
                "prefix_list_ids": [],
                "protocol": "-1",
                "security_groups": [],
                "self": false,
                "to_port": 0
              }
            ],
            "id": "sg-03179e1621480b077",
            "ingress": [
              {
                "cidr_blocks": [
                  "10.0.0.0/16"
                ],
                "description": "SSH",
                "from_port": 22,
                "ipv6_cidr_blocks": [],
                "prefix_list_ids": [],
                "protocol": "tcp",
                "security_groups": [],
                "self": false,
                "to_port": 22
              }
            ],
            "name": "dev-app-bastion20251017045256531500000005",
            "name_prefix": "dev-app-bastion",
            "owner_id": "040108639270",
            "revoke_rules_on_delete": false,
            "tags": {
              "Component": "Security",
              "Environment": "dev",
              "Name": "dev-app-bastion-sg",
              "Owner": "Team2",
              "Project": "security-monitoring",
              "Terraform": "true"
            },
            "tags_all": {
              "Component": "Security",
              "CostCenter": "default-cost-center",
              "Environment": "dev",
              "ManagedBy": "Terraform",
              "Name": "dev-app-bastion-sg",
              "Owner": "Team2",
              "Project": "security-monitoring",
              "Terraform": "true"
            },
            "timeouts": null,
            "vpc_id": "vpc-0e0f2f664d2c8d921"
          },
          "sensitive_attributes": [],
          "identity_schema_version": 0,
          "private": "eyJlMmJmYjczMC1lY2FhLTExZTYtOGY4OC0zNDM2M2JjN2M0YzAiOnsiY3JlYXRlIjo2MDAwMDAwMDAwMDAsImRlbGV0ZSI6OTAwMDAwMDAwMDAwfSwic2NoZW1hX3ZlcnNpb24iOiIxIn0=",
          "dependencies": [
            "module.vpc.aws_vpc.main"
          ],
          "create_before_destroy": true
        }
      ]
    },
    {
      "module": "module.ec2",
      "mode": "managed",
      "type": "aws_security_group",
      "name": "web",
      "provider": "provider[\"registry.terraform.io/hashicorp/aws\"]",
      "instances": [
        {
          "schema_version": 1,
          "attributes": {
            "arn": "arn:aws:ec2:ap-northeast-2:040108639270:security-group/sg-0e75330e203fb26fe",
            "description": "Security group for web host access",
            "egress": [
              {
                "cidr_blocks": [
                  "0.0.0.0/0"
                ],
                "description": "All outbound traffic",
                "from_port": 0,
                "ipv6_cidr_blocks": [],
                "prefix_list_ids": [],
                "protocol": "-1",
                "security_groups": [],
                "self": false,
                "to_port": 0
              }
            ],
            "id": "sg-0e75330e203fb26fe",
            "ingress": [
              {
                "cidr_blocks": [],
                "description": "App traffic from ALB",
                "from_port": 8080,
                "ipv6_cidr_blocks": [],
                "prefix_list_ids": [],
                "protocol": "tcp",
                "security_groups": [
                  "sg-0ee9734a4d5728543"
                ],
                "self": false,
                "to_port": 8080
              }
            ],
            "name": "dev-app-web20251017054315912500000001",
            "name_prefix": "dev-app-web",
            "owner_id": "040108639270",
            "revoke_rules_on_delete": false,
            "tags": {
              "Component": "Security",
              "Environment": "dev",
              "Name": "dev-app-web-sg",
              "Owner": "Team2",
              "Project": "security-monitoring",
              "Terraform": "true"
            },
            "tags_all": {
              "Component": "Security",
              "CostCenter": "default-cost-center",
              "Environment": "dev",
              "ManagedBy": "Terraform",
              "Name": "dev-app-web-sg",
              "Owner": "Team2",
              "Project": "security-monitoring",
              "Terraform": "true"
            },
            "timeouts": null,
            "vpc_id": "vpc-0e0f2f664d2c8d921"
          },
          "sensitive_attributes": [],
          "identity_schema_version": 0,
          "private": "eyJlMmJmYjczMC1lY2FhLTExZTYtOGY4OC0zNDM2M2JjN2M0YzAiOnsiY3JlYXRlIjo2MDAwMDAwMDAwMDAsImRlbGV0ZSI6OTAwMDAwMDAwMDAwfSwic2NoZW1hX3ZlcnNpb24iOiIxIn0=",
          "dependencies": [
            "module.ec2.aws_security_group.alb",
            "module.vpc.aws_vpc.main"
          ],
          "create_before_destroy": true
        }
      ]
    },
    {
      "module": "module.ecr",
      "mode": "managed",
      "type": "aws_ecr_repository",
      "name": "this",
      "provider": "provider[\"registry.terraform.io/hashicorp/aws\"]",
      "instances": [
        {
          "schema_version": 0,
          "attributes": {
            "arn": "arn:aws:ecr:ap-northeast-2:040108639270:repository/myapp",
            "encryption_configuration": [
              {
                "encryption_type": "AES256",
                "kms_key": ""
              }
            ],
            "force_delete": null,
            "id": "myapp",
            "image_scanning_configuration": [
              {
                "scan_on_push": true
              }
            ],
            "image_tag_mutability": "MUTABLE",
            "name": "myapp",
            "registry_id": "040108639270",
            "repository_url": "040108639270.dkr.ecr.ap-northeast-2.amazonaws.com/myapp",
            "tags": {
              "Environment": "dev",
              "Project": "myproject"
            },
            "tags_all": {
              "CostCenter": "default-cost-center",
              "Environment": "dev",
              "ManagedBy": "Terraform",
              "Owner": "DevSecOps Team",
              "Project": "myproject"
            },
            "timeouts": null
          },
          "sensitive_attributes": [],
          "identity_schema_version": 0,
          "private": "eyJlMmJmYjczMC1lY2FhLTExZTYtOGY4OC0zNDM2M2JjN2M0YzAiOnsiZGVsZXRlIjoxMjAwMDAwMDAwMDAwfX0="
        }
      ]
    },
    {
      "module": "module.rds",
      "mode": "managed",
      "type": "aws_cloudwatch_log_group",
      "name": "rds",
      "provider": "provider[\"registry.terraform.io/hashicorp/aws\"]",
      "instances": [
        {
          "index_key": "error",
          "schema_version": 0,
          "attributes": {
            "arn": "arn:aws:logs:ap-northeast-2:040108639270:log-group:/aws/rds/instance/my-rds-database/error",
            "id": "/aws/rds/instance/my-rds-database/error",
            "kms_key_id": "",
            "name": "/aws/rds/instance/my-rds-database/error",
            "name_prefix": "",
            "retention_in_days": 90,
            "skip_destroy": false,
            "tags": {
              "Component": "Database",
              "Environment": "dev",
              "Name": "dev-app-rds-error-logs",
              "Owner": "Team2",
              "Project": "security-monitoring",
              "Terraform": "true"
            },
            "tags_all": {
              "Component": "Database",
              "CostCenter": "default-cost-center",
              "Environment": "dev",
              "ManagedBy": "Terraform",
              "Name": "dev-app-rds-error-logs",
              "Owner": "Team2",
              "Project": "security-monitoring",
              "Terraform": "true"
            }
          },
          "sensitive_attributes": [],
          "identity_schema_version": 0,
          "private": "bnVsbA==",
          "dependencies": [
            "module.vpc.aws_cloudwatch_log_group.vpc_flow_log",
            "module.vpc.aws_eip.nat",
            "module.vpc.aws_flow_log.vpc",
            "module.vpc.aws_iam_role.flow_log",
            "module.vpc.aws_iam_role_policy.flow_log",
            "module.vpc.aws_internet_gateway.main",
            "module.vpc.aws_nat_gateway.main",
            "module.vpc.aws_route_table.database",
            "module.vpc.aws_route_table.private",
            "module.vpc.aws_route_table.public",
            "module.vpc.aws_route_table_association.database",
            "module.vpc.aws_route_table_association.private",
            "module.vpc.aws_route_table_association.public",
            "module.vpc.aws_subnet.database",
            "module.vpc.aws_subnet.private",
            "module.vpc.aws_subnet.public",
            "module.vpc.aws_vpc.main",
            "module.vpc.data.aws_availability_zones.available"
          ]
        },
        {
          "index_key": "general",
          "schema_version": 0,
          "attributes": {
            "arn": "arn:aws:logs:ap-northeast-2:040108639270:log-group:/aws/rds/instance/my-rds-database/general",
            "id": "/aws/rds/instance/my-rds-database/general",
            "kms_key_id": "",
            "name": "/aws/rds/instance/my-rds-database/general",
            "name_prefix": "",
            "retention_in_days": 90,
            "skip_destroy": false,
            "tags": {
              "Component": "Database",
              "Environment": "dev",
              "Name": "dev-app-rds-general-logs",
              "Owner": "Team2",
              "Project": "security-monitoring",
              "Terraform": "true"
            },
            "tags_all": {
              "Component": "Database",
              "CostCenter": "default-cost-center",
              "Environment": "dev",
              "ManagedBy": "Terraform",
              "Name": "dev-app-rds-general-logs",
              "Owner": "Team2",
              "Project": "security-monitoring",
              "Terraform": "true"
            }
          },
          "sensitive_attributes": [],
          "identity_schema_version": 0,
          "private": "bnVsbA==",
          "dependencies": [
            "module.vpc.aws_cloudwatch_log_group.vpc_flow_log",
            "module.vpc.aws_eip.nat",
            "module.vpc.aws_flow_log.vpc",
            "module.vpc.aws_iam_role.flow_log",
            "module.vpc.aws_iam_role_policy.flow_log",
            "module.vpc.aws_internet_gateway.main",
            "module.vpc.aws_nat_gateway.main",
            "module.vpc.aws_route_table.database",
            "module.vpc.aws_route_table.private",
            "module.vpc.aws_route_table.public",
            "module.vpc.aws_route_table_association.database",
            "module.vpc.aws_route_table_association.private",
            "module.vpc.aws_route_table_association.public",
            "module.vpc.aws_subnet.database",
            "module.vpc.aws_subnet.private",
            "module.vpc.aws_subnet.public",
            "module.vpc.aws_vpc.main",
            "module.vpc.data.aws_availability_zones.available"
          ]
        },
        {
          "index_key": "slowquery",
          "schema_version": 0,
          "attributes": {
            "arn": "arn:aws:logs:ap-northeast-2:040108639270:log-group:/aws/rds/instance/my-rds-database/slowquery",
            "id": "/aws/rds/instance/my-rds-database/slowquery",
            "kms_key_id": "",
            "name": "/aws/rds/instance/my-rds-database/slowquery",
            "name_prefix": "",
            "retention_in_days": 90,
            "skip_destroy": false,
            "tags": {
              "Component": "Database",
              "Environment": "dev",
              "Name": "dev-app-rds-slowquery-logs",
              "Owner": "Team2",
              "Project": "security-monitoring",
              "Terraform": "true"
            },
            "tags_all": {
              "Component": "Database",
              "CostCenter": "default-cost-center",
              "Environment": "dev",
              "ManagedBy": "Terraform",
              "Name": "dev-app-rds-slowquery-logs",
              "Owner": "Team2",
              "Project": "security-monitoring",
              "Terraform": "true"
            }
          },
          "sensitive_attributes": [],
          "identity_schema_version": 0,
          "private": "bnVsbA==",
          "dependencies": [
            "module.vpc.aws_cloudwatch_log_group.vpc_flow_log",
            "module.vpc.aws_eip.nat",
            "module.vpc.aws_flow_log.vpc",
            "module.vpc.aws_iam_role.flow_log",
            "module.vpc.aws_iam_role_policy.flow_log",
            "module.vpc.aws_internet_gateway.main",
            "module.vpc.aws_nat_gateway.main",
            "module.vpc.aws_route_table.database",
            "module.vpc.aws_route_table.private",
            "module.vpc.aws_route_table.public",
            "module.vpc.aws_route_table_association.database",
            "module.vpc.aws_route_table_association.private",
            "module.vpc.aws_route_table_association.public",
            "module.vpc.aws_subnet.database",
            "module.vpc.aws_subnet.private",
            "module.vpc.aws_subnet.public",
            "module.vpc.aws_vpc.main",
            "module.vpc.data.aws_availability_zones.available"
          ]
        }
      ]
    },
    {
      "module": "module.rds",
      "mode": "managed",
      "type": "aws_db_instance",
      "name": "main",
      "provider": "provider[\"registry.terraform.io/hashicorp/aws\"]",
      "instances": [
        {
          "schema_version": 2,
          "attributes": {
            "address": "my-rds-database.czkqiocku8ru.ap-northeast-2.rds.amazonaws.com",
            "allocated_storage": 20,
            "allow_major_version_upgrade": false,
            "apply_immediately": false,
            "arn": "arn:aws:rds:ap-northeast-2:040108639270:db:my-rds-database",
            "auto_minor_version_upgrade": true,
            "availability_zone": "ap-northeast-2b",
            "backup_retention_period": 7,
            "backup_target": "region",
            "backup_window": "03:00-04:00",
            "blue_green_update": [],
            "ca_cert_identifier": "rds-ca-rsa2048-g1",
            "character_set_name": "",
            "copy_tags_to_snapshot": false,
            "custom_iam_instance_profile": "",
            "customer_owned_ip_enabled": false,
            "db_name": "mydb",
            "db_subnet_group_name": "dev-app-db-subnet-group",
            "delete_automated_backups": false,
            "deletion_protection": false,
            "domain": "",
            "domain_iam_role_name": "",
            "enabled_cloudwatch_logs_exports": [
              "error",
              "general",
              "slowquery"
            ],
            "endpoint": "my-rds-database.czkqiocku8ru.ap-northeast-2.rds.amazonaws.com:3306",
            "engine": "mysql",
            "engine_version": "8.0.42",
            "engine_version_actual": "8.0.42",
            "final_snapshot_identifier": "my-rds-database-final-snapshot-2025-10-17-0719",
            "hosted_zone_id": "ZLA2NUCOLGUUR",
            "iam_database_authentication_enabled": false,
            "id": "db-FBPAIUKFW35RLCBUYSCDCKI22Q",
            "identifier": "my-rds-database",
            "identifier_prefix": "",
            "instance_class": "db.t3.micro",
            "iops": 0,
            "kms_key_id": "arn:aws:kms:ap-northeast-2:040108639270:key/e2021d1c-0e5d-4672-8fb7-0fea70a0a15e",
            "latest_restorable_time": "2025-10-17T07:15:00Z",
            "license_model": "general-public-license",
            "listener_endpoint": [],
            "maintenance_window": "sun:04:00-sun:05:00",
            "manage_master_user_password": null,
            "master_user_secret": [],
            "master_user_secret_kms_key_id": null,
            "max_allocated_storage": 100,
            "monitoring_interval": 60,
            "monitoring_role_arn": "arn:aws:iam::040108639270:role/dev-app-rds-monitoring-role",
            "multi_az": false,
            "nchar_character_set_name": "",
            "network_type": "IPV4",
            "option_group_name": "default:mysql-8-0",
            "parameter_group_name": "dev-app-db-parameter-group",
            "password": "MySecurePassword123!",
            "performance_insights_enabled": false,
            "performance_insights_kms_key_id": "",
            "performance_insights_retention_period": 0,
            "port": 3306,
            "publicly_accessible": false,
            "replica_mode": "",
            "replicas": [],
            "replicate_source_db": "",
            "resource_id": "db-FBPAIUKFW35RLCBUYSCDCKI22Q",
            "restore_to_point_in_time": [],
            "s3_import": [],
            "skip_final_snapshot": false,
            "snapshot_identifier": null,
            "status": "available",
            "storage_encrypted": true,
            "storage_throughput": 0,
            "storage_type": "gp2",
            "tags": {
              "Component": "Database",
              "Environment": "dev",
              "Name": "dev-app-rds-instance",
              "Owner": "Team2",
              "Project": "security-monitoring",
              "Terraform": "true",
              "Type": "Database"
            },
            "tags_all": {
              "Component": "Database",
              "CostCenter": "default-cost-center",
              "Environment": "dev",
              "ManagedBy": "Terraform",
              "Name": "dev-app-rds-instance",
              "Owner": "Team2",
              "Project": "security-monitoring",
              "Terraform": "true",
              "Type": "Database"
            },
            "timeouts": null,
            "timezone": "",
            "username": "dbadmin",
            "vpc_security_group_ids": [
              "sg-07d5a13b751a09f4f"
            ]
          },
          "sensitive_attributes": [
            [
              {
                "type": "get_attr",
                "value": "password"
              }
            ]
          ],
          "identity_schema_version": 0,
          "private": "eyJlMmJmYjczMC1lY2FhLTExZTYtOGY4OC0zNDM2M2JjN2M0YzAiOnsiY3JlYXRlIjoyNDAwMDAwMDAwMDAwLCJkZWxldGUiOjM2MDAwMDAwMDAwMDAsInVwZGF0ZSI6NDgwMDAwMDAwMDAwMH0sInNjaGVtYV92ZXJzaW9uIjoiMiJ9",
          "dependencies": [
            "module.ec2.aws_security_group.alb",
            "module.ec2.aws_security_group.bastion",
            "module.ec2.aws_security_group.web",
            "module.rds.aws_cloudwatch_log_group.rds",
            "module.rds.aws_db_option_group.main",
            "module.rds.aws_db_parameter_group.main",
            "module.rds.aws_db_subnet_group.main",
            "module.rds.aws_iam_role.rds_monitoring",
            "module.rds.aws_kms_key.rds",
            "module.rds.aws_security_group.rds",
            "module.vpc.aws_cloudwatch_log_group.vpc_flow_log",
            "module.vpc.aws_eip.nat",
            "module.vpc.aws_flow_log.vpc",
            "module.vpc.aws_iam_role.flow_log",
            "module.vpc.aws_iam_role_policy.flow_log",
            "module.vpc.aws_internet_gateway.main",
            "module.vpc.aws_nat_gateway.main",
            "module.vpc.aws_route_table.database",
            "module.vpc.aws_route_table.private",
            "module.vpc.aws_route_table.public",
            "module.vpc.aws_route_table_association.database",
            "module.vpc.aws_route_table_association.private",
            "module.vpc.aws_route_table_association.public",
            "module.vpc.aws_subnet.database",
            "module.vpc.aws_subnet.private",
            "module.vpc.aws_subnet.public",
            "module.vpc.aws_vpc.main",
            "module.vpc.data.aws_availability_zones.available"
          ]
        }
      ]
    },
    {
      "module": "module.rds",
      "mode": "managed",
      "type": "aws_db_parameter_group",
      "name": "main",
      "provider": "provider[\"registry.terraform.io/hashicorp/aws\"]",
      "instances": [
        {
          "schema_version": 0,
          "attributes": {
            "arn": "arn:aws:rds:ap-northeast-2:040108639270:pg:dev-app-db-parameter-group",
            "description": "Managed by Terraform",
            "family": "mysql8.0",
            "id": "dev-app-db-parameter-group",
            "name": "dev-app-db-parameter-group",
            "name_prefix": null,
            "parameter": [],
            "tags": {
              "Component": "Database",
              "Environment": "dev",
              "Owner": "Team2",
              "Project": "security-monitoring",
              "Terraform": "true"
            },
            "tags_all": {
              "Component": "Database",
              "CostCenter": "default-cost-center",
              "Environment": "dev",
              "ManagedBy": "Terraform",
              "Owner": "Team2",
              "Project": "security-monitoring",
              "Terraform": "true"
            }
          },
          "sensitive_attributes": [],
          "identity_schema_version": 0,
          "private": "bnVsbA==",
          "dependencies": [
            "module.vpc.aws_cloudwatch_log_group.vpc_flow_log",
            "module.vpc.aws_eip.nat",
            "module.vpc.aws_flow_log.vpc",
            "module.vpc.aws_iam_role.flow_log",
            "module.vpc.aws_iam_role_policy.flow_log",
            "module.vpc.aws_internet_gateway.main",
            "module.vpc.aws_nat_gateway.main",
            "module.vpc.aws_route_table.database",
            "module.vpc.aws_route_table.private",
            "module.vpc.aws_route_table.public",
            "module.vpc.aws_route_table_association.database",
            "module.vpc.aws_route_table_association.private",
            "module.vpc.aws_route_table_association.public",
            "module.vpc.aws_subnet.database",
            "module.vpc.aws_subnet.private",
            "module.vpc.aws_subnet.public",
            "module.vpc.aws_vpc.main",
            "module.vpc.data.aws_availability_zones.available"
          ],
          "create_before_destroy": true
        }
      ]
    },
    {
      "module": "module.rds",
      "mode": "managed",
      "type": "aws_db_subnet_group",
      "name": "main",
      "provider": "provider[\"registry.terraform.io/hashicorp/aws\"]",
      "instances": [
        {
          "schema_version": 0,
          "attributes": {
            "arn": "arn:aws:rds:ap-northeast-2:040108639270:subgrp:dev-app-db-subnet-group",
            "description": "Managed by Terraform",
            "id": "dev-app-db-subnet-group",
            "name": "dev-app-db-subnet-group",
            "name_prefix": "",
            "subnet_ids": [
              "subnet-004a920e571afbbc5",
              "subnet-0318804116c77a3fc"
            ],
            "supported_network_types": [
              "IPV4"
            ],
            "tags": {
              "Component": "Database",
              "Environment": "dev",
              "Name": "dev-app-db-subnet-group",
              "Owner": "Team2",
              "Project": "security-monitoring",
              "Terraform": "true",
              "Type": "Database"
            },
            "tags_all": {
              "Component": "Database",
              "CostCenter": "default-cost-center",
              "Environment": "dev",
              "ManagedBy": "Terraform",
              "Name": "dev-app-db-subnet-group",
              "Owner": "Team2",
              "Project": "security-monitoring",
              "Terraform": "true",
              "Type": "Database"
            },
            "vpc_id": "vpc-0e0f2f664d2c8d921"
          },
          "sensitive_attributes": [],
          "identity_schema_version": 0,
          "private": "bnVsbA==",
          "dependencies": [
            "module.vpc.aws_cloudwatch_log_group.vpc_flow_log",
            "module.vpc.aws_eip.nat",
            "module.vpc.aws_flow_log.vpc",
            "module.vpc.aws_iam_role.flow_log",
            "module.vpc.aws_iam_role_policy.flow_log",
            "module.vpc.aws_internet_gateway.main",
            "module.vpc.aws_nat_gateway.main",
            "module.vpc.aws_route_table.database",
            "module.vpc.aws_route_table.private",
            "module.vpc.aws_route_table.public",
            "module.vpc.aws_route_table_association.database",
            "module.vpc.aws_route_table_association.private",
            "module.vpc.aws_route_table_association.public",
            "module.vpc.aws_subnet.database",
            "module.vpc.aws_subnet.private",
            "module.vpc.aws_subnet.public",
            "module.vpc.aws_vpc.main",
            "module.vpc.data.aws_availability_zones.available"
          ],
          "create_before_destroy": true
        }
      ]
    },
    {
      "module": "module.rds",
      "mode": "managed",
      "type": "aws_iam_role",
      "name": "rds_monitoring",
      "provider": "provider[\"registry.terraform.io/hashicorp/aws\"]",
      "instances": [
        {
          "index_key": 0,
          "schema_version": 0,
          "attributes": {
            "arn": "arn:aws:iam::040108639270:role/dev-app-rds-monitoring-role",
            "assume_role_policy": "{\"Statement\":[{\"Action\":\"sts:AssumeRole\",\"Effect\":\"Allow\",\"Principal\":{\"Service\":\"monitoring.rds.amazonaws.com\"}}],\"Version\":\"2012-10-17\"}",
            "create_date": "2025-10-17T04:57:23Z",
            "description": "",
            "force_detach_policies": false,
            "id": "dev-app-rds-monitoring-role",
            "inline_policy": [],
            "managed_policy_arns": [
              "arn:aws:iam::aws:policy/service-role/AmazonRDSEnhancedMonitoringRole"
            ],
            "max_session_duration": 3600,
            "name": "dev-app-rds-monitoring-role",
            "name_prefix": "",
            "path": "/",
            "permissions_boundary": "",
            "tags": {
              "Component": "Database",
              "Environment": "dev",
              "Owner": "Team2",
              "Project": "security-monitoring",
              "Terraform": "true"
            },
            "tags_all": {
              "Component": "Database",
              "CostCenter": "default-cost-center",
              "Environment": "dev",
              "ManagedBy": "Terraform",
              "Owner": "Team2",
              "Project": "security-monitoring",
              "Terraform": "true"
            },
            "unique_id": "AROAQSVVJIQTFHZ36G42H"
          },
          "sensitive_attributes": [],
          "identity_schema_version": 0,
          "private": "bnVsbA==",
          "dependencies": [
            "module.vpc.aws_cloudwatch_log_group.vpc_flow_log",
            "module.vpc.aws_eip.nat",
            "module.vpc.aws_flow_log.vpc",
            "module.vpc.aws_iam_role.flow_log",
            "module.vpc.aws_iam_role_policy.flow_log",
            "module.vpc.aws_internet_gateway.main",
            "module.vpc.aws_nat_gateway.main",
            "module.vpc.aws_route_table.database",
            "module.vpc.aws_route_table.private",
            "module.vpc.aws_route_table.public",
            "module.vpc.aws_route_table_association.database",
            "module.vpc.aws_route_table_association.private",
            "module.vpc.aws_route_table_association.public",
            "module.vpc.aws_subnet.database",
            "module.vpc.aws_subnet.private",
            "module.vpc.aws_subnet.public",
            "module.vpc.aws_vpc.main",
            "module.vpc.data.aws_availability_zones.available"
          ]
        }
      ]
    },
    {
      "module": "module.rds",
      "mode": "managed",
      "type": "aws_iam_role_policy_attachment",
      "name": "rds_monitoring",
      "provider": "provider[\"registry.terraform.io/hashicorp/aws\"]",
      "instances": [
        {
          "index_key": 0,
          "schema_version": 0,
          "attributes": {
            "id": "dev-app-rds-monitoring-role-20251017045724590900000003",
            "policy_arn": "arn:aws:iam::aws:policy/service-role/AmazonRDSEnhancedMonitoringRole",
            "role": "dev-app-rds-monitoring-role"
          },
          "sensitive_attributes": [],
          "identity_schema_version": 0,
          "private": "bnVsbA==",
          "dependencies": [
            "module.rds.aws_iam_role.rds_monitoring",
            "module.vpc.aws_cloudwatch_log_group.vpc_flow_log",
            "module.vpc.aws_eip.nat",
            "module.vpc.aws_flow_log.vpc",
            "module.vpc.aws_iam_role.flow_log",
            "module.vpc.aws_iam_role_policy.flow_log",
            "module.vpc.aws_internet_gateway.main",
            "module.vpc.aws_nat_gateway.main",
            "module.vpc.aws_route_table.database",
            "module.vpc.aws_route_table.private",
            "module.vpc.aws_route_table.public",
            "module.vpc.aws_route_table_association.database",
            "module.vpc.aws_route_table_association.private",
            "module.vpc.aws_route_table_association.public",
            "module.vpc.aws_subnet.database",
            "module.vpc.aws_subnet.private",
            "module.vpc.aws_subnet.public",
            "module.vpc.aws_vpc.main",
            "module.vpc.data.aws_availability_zones.available"
          ]
        }
      ]
    },
    {
      "module": "module.rds",
      "mode": "managed",
      "type": "aws_kms_alias",
      "name": "rds",
      "provider": "provider[\"registry.terraform.io/hashicorp/aws\"]",
      "instances": [
        {
          "index_key": 0,
          "schema_version": 0,
          "attributes": {
            "arn": "arn:aws:kms:ap-northeast-2:040108639270:alias/dev-app-rds-test",
            "id": "alias/dev-app-rds-test",
            "name": "alias/dev-app-rds-test",
            "name_prefix": "",
            "target_key_arn": "arn:aws:kms:ap-northeast-2:040108639270:key/e2021d1c-0e5d-4672-8fb7-0fea70a0a15e",
            "target_key_id": "e2021d1c-0e5d-4672-8fb7-0fea70a0a15e"
          },
          "sensitive_attributes": [],
          "identity_schema_version": 0,
          "private": "bnVsbA==",
          "dependencies": [
            "module.rds.aws_kms_key.rds",
            "module.vpc.aws_cloudwatch_log_group.vpc_flow_log",
            "module.vpc.aws_eip.nat",
            "module.vpc.aws_flow_log.vpc",
            "module.vpc.aws_iam_role.flow_log",
            "module.vpc.aws_iam_role_policy.flow_log",
            "module.vpc.aws_internet_gateway.main",
            "module.vpc.aws_nat_gateway.main",
            "module.vpc.aws_route_table.database",
            "module.vpc.aws_route_table.private",
            "module.vpc.aws_route_table.public",
            "module.vpc.aws_route_table_association.database",
            "module.vpc.aws_route_table_association.private",
            "module.vpc.aws_route_table_association.public",
            "module.vpc.aws_subnet.database",
            "module.vpc.aws_subnet.private",
            "module.vpc.aws_subnet.public",
            "module.vpc.aws_vpc.main",
            "module.vpc.data.aws_availability_zones.available"
          ]
        }
      ]
    },
    {
      "module": "module.rds",
      "mode": "managed",
      "type": "aws_kms_key",
      "name": "rds",
      "provider": "provider[\"registry.terraform.io/hashicorp/aws\"]",
      "instances": [
        {
          "index_key": 0,
          "schema_version": 0,
          "attributes": {
            "arn": "arn:aws:kms:ap-northeast-2:040108639270:key/e2021d1c-0e5d-4672-8fb7-0fea70a0a15e",
            "bypass_policy_lockout_safety_check": false,
            "custom_key_store_id": "",
            "customer_master_key_spec": "SYMMETRIC_DEFAULT",
            "deletion_window_in_days": 7,
            "description": "KMS key for RDS encryption - dev-app",
            "enable_key_rotation": false,
            "id": "e2021d1c-0e5d-4672-8fb7-0fea70a0a15e",
            "is_enabled": true,
            "key_id": "e2021d1c-0e5d-4672-8fb7-0fea70a0a15e",
            "key_usage": "ENCRYPT_DECRYPT",
            "multi_region": false,
            "policy": "{\"Id\":\"key-default-1\",\"Statement\":[{\"Action\":\"kms:*\",\"Effect\":\"Allow\",\"Principal\":{\"AWS\":\"arn:aws:iam::040108639270:root\"},\"Resource\":\"*\",\"Sid\":\"Enable IAM User Permissions\"}],\"Version\":\"2012-10-17\"}",
            "tags": {
              "Component": "Database",
              "Environment": "dev",
              "Name": "dev-app-rds-kms-key",
              "Owner": "Team2",
              "Project": "security-monitoring",
              "Terraform": "true",
              "Use": "RDS Encryption"
            },
            "tags_all": {
              "Component": "Database",
              "CostCenter": "default-cost-center",
              "Environment": "dev",
              "ManagedBy": "Terraform",
              "Name": "dev-app-rds-kms-key",
              "Owner": "Team2",
              "Project": "security-monitoring",
              "Terraform": "true",
              "Use": "RDS Encryption"
            },
            "timeouts": null
          },
          "sensitive_attributes": [],
          "identity_schema_version": 0,
          "private": "eyJlMmJmYjczMC1lY2FhLTExZTYtOGY4OC0zNDM2M2JjN2M0YzAiOnsiY3JlYXRlIjoxMjAwMDAwMDAwMDB9fQ==",
          "dependencies": [
            "module.vpc.aws_cloudwatch_log_group.vpc_flow_log",
            "module.vpc.aws_eip.nat",
            "module.vpc.aws_flow_log.vpc",
            "module.vpc.aws_iam_role.flow_log",
            "module.vpc.aws_iam_role_policy.flow_log",
            "module.vpc.aws_internet_gateway.main",
            "module.vpc.aws_nat_gateway.main",
            "module.vpc.aws_route_table.database",
            "module.vpc.aws_route_table.private",
            "module.vpc.aws_route_table.public",
            "module.vpc.aws_route_table_association.database",
            "module.vpc.aws_route_table_association.private",
            "module.vpc.aws_route_table_association.public",
            "module.vpc.aws_subnet.database",
            "module.vpc.aws_subnet.private",
            "module.vpc.aws_subnet.public",
            "module.vpc.aws_vpc.main",
            "module.vpc.data.aws_availability_zones.available"
          ]
        }
      ]
    },
    {
      "module": "module.rds",
      "mode": "managed",
      "type": "aws_security_group",
      "name": "rds",
      "provider": "provider[\"registry.terraform.io/hashicorp/aws\"]",
      "instances": [
        {
          "schema_version": 1,
          "attributes": {
            "arn": "arn:aws:ec2:ap-northeast-2:040108639270:security-group/sg-07d5a13b751a09f4f",
            "description": "Security group for RDS instance",
            "egress": [
              {
                "cidr_blocks": [
                  "0.0.0.0/0"
                ],
                "description": "All outbound traffic",
                "from_port": 0,
                "ipv6_cidr_blocks": [],
                "prefix_list_ids": [],
                "protocol": "-1",
                "security_groups": [],
                "self": false,
                "to_port": 0
              }
            ],
            "id": "sg-07d5a13b751a09f4f",
            "ingress": [
              {
                "cidr_blocks": [],
                "description": "Database access from allowed sources",
                "from_port": 3306,
                "ipv6_cidr_blocks": [],
                "prefix_list_ids": [],
                "protocol": "tcp",
                "security_groups": [
                  "sg-03179e1621480b077",
                  "sg-0e75330e203fb26fe"
                ],
                "self": false,
                "to_port": 3306
              }
            ],
            "name": "dev-app-rds-20251017045722690700000002",
            "name_prefix": "dev-app-rds-",
            "owner_id": "040108639270",
            "revoke_rules_on_delete": false,
            "tags": {
              "Component": "Database",
              "Environment": "dev",
              "Name": "dev-app-rds-sg",
              "Owner": "Team2",
              "Project": "security-monitoring",
              "Terraform": "true",
              "Type": "Database Security Group"
            },
            "tags_all": {
              "Component": "Database",
              "CostCenter": "default-cost-center",
              "Environment": "dev",
              "ManagedBy": "Terraform",
              "Name": "dev-app-rds-sg",
              "Owner": "Team2",
              "Project": "security-monitoring",
              "Terraform": "true",
              "Type": "Database Security Group"
            },
            "timeouts": null,
            "vpc_id": "vpc-0e0f2f664d2c8d921"
          },
          "sensitive_attributes": [],
          "identity_schema_version": 0,
          "private": "eyJlMmJmYjczMC1lY2FhLTExZTYtOGY4OC0zNDM2M2JjN2M0YzAiOnsiY3JlYXRlIjo2MDAwMDAwMDAwMDAsImRlbGV0ZSI6OTAwMDAwMDAwMDAwfSwic2NoZW1hX3ZlcnNpb24iOiIxIn0=",
          "dependencies": [
            "module.ec2.aws_security_group.alb",
            "module.ec2.aws_security_group.bastion",
            "module.ec2.aws_security_group.web",
            "module.vpc.aws_cloudwatch_log_group.vpc_flow_log",
            "module.vpc.aws_eip.nat",
            "module.vpc.aws_flow_log.vpc",
            "module.vpc.aws_iam_role.flow_log",
            "module.vpc.aws_iam_role_policy.flow_log",
            "module.vpc.aws_internet_gateway.main",
            "module.vpc.aws_nat_gateway.main",
            "module.vpc.aws_route_table.database",
            "module.vpc.aws_route_table.private",
            "module.vpc.aws_route_table.public",
            "module.vpc.aws_route_table_association.database",
            "module.vpc.aws_route_table_association.private",
            "module.vpc.aws_route_table_association.public",
            "module.vpc.aws_subnet.database",
            "module.vpc.aws_subnet.private",
            "module.vpc.aws_subnet.public",
            "module.vpc.aws_vpc.main",
            "module.vpc.data.aws_availability_zones.available"
          ],
          "create_before_destroy": true
        }
      ]
    },
    {
      "module": "module.vpc",
      "mode": "data",
      "type": "aws_availability_zones",
      "name": "available",
      "provider": "provider[\"registry.terraform.io/hashicorp/aws\"]",
      "instances": [
        {
          "schema_version": 0,
          "attributes": {
            "all_availability_zones": null,
            "exclude_names": null,
            "exclude_zone_ids": null,
            "filter": null,
            "group_names": [
              "ap-northeast-2-zg-1"
            ],
            "id": "ap-northeast-2",
            "names": [
              "ap-northeast-2a",
              "ap-northeast-2b",
              "ap-northeast-2c",
              "ap-northeast-2d"
            ],
            "state": "available",
            "timeouts": null,
            "zone_ids": [
              "apne2-az1",
              "apne2-az2",
              "apne2-az3",
              "apne2-az4"
            ]
          },
          "sensitive_attributes": [],
          "identity_schema_version": 0
        }
      ]
    },
    {
      "module": "module.vpc",
      "mode": "managed",
      "type": "aws_cloudwatch_log_group",
      "name": "vpc_flow_log",
      "provider": "provider[\"registry.terraform.io/hashicorp/aws\"]",
      "instances": [
        {
          "index_key": 0,
          "schema_version": 0,
          "attributes": {
            "arn": "arn:aws:logs:ap-northeast-2:040108639270:log-group:/aws/vpc/flowlogs/dev-app",
            "id": "/aws/vpc/flowlogs/dev-app",
            "kms_key_id": "",
            "name": "/aws/vpc/flowlogs/dev-app",
            "name_prefix": "",
            "retention_in_days": 30,
            "skip_destroy": false,
            "tags": {
              "Component": "Networking",
              "Environment": "dev",
              "Name": "dev-app-vpc-flow-logs",
              "Owner": "Team2",
              "Project": "security-monitoring",
              "Terraform": "true",
              "Type": "Network Security"
            },
            "tags_all": {
              "Component": "Networking",
              "CostCenter": "default-cost-center",
              "Environment": "dev",
              "ManagedBy": "Terraform",
              "Name": "dev-app-vpc-flow-logs",
              "Owner": "Team2",
              "Project": "security-monitoring",
              "Terraform": "true",
              "Type": "Network Security"
            }
          },
          "sensitive_attributes": [],
          "identity_schema_version": 0,
          "private": "bnVsbA==",
          "create_before_destroy": true
        }
      ]
    },
    {
      "module": "module.vpc",
      "mode": "managed",
      "type": "aws_eip",
      "name": "nat",
      "provider": "provider[\"registry.terraform.io/hashicorp/aws\"]",
      "instances": [
        {
          "index_key": 0,
          "schema_version": 0,
          "attributes": {
            "address": null,
            "allocation_id": "eipalloc-0d0c4f98546f02f9f",
            "associate_with_private_ip": null,
            "association_id": "eipassoc-07454fe8b4d17c6f1",
            "carrier_ip": "",
            "customer_owned_ip": "",
            "customer_owned_ipv4_pool": "",
            "domain": "vpc",
            "id": "eipalloc-0d0c4f98546f02f9f",
            "instance": "",
            "network_border_group": "ap-northeast-2",
            "network_interface": "eni-07e9194dd09b426dd",
            "private_dns": "ip-10-0-1-158.ap-northeast-2.compute.internal",
            "private_ip": "10.0.1.158",
            "public_dns": "ec2-3-39-46-166.ap-northeast-2.compute.amazonaws.com",
            "public_ip": "3.39.46.166",
            "public_ipv4_pool": "amazon",
            "tags": {
              "Component": "Networking",
              "Environment": "dev",
              "Name": "dev-app-nat-eip-1",
              "Owner": "Team2",
              "Project": "security-monitoring",
              "Terraform": "true"
            },
            "tags_all": {
              "Component": "Networking",
              "CostCenter": "default-cost-center",
              "Environment": "dev",
              "ManagedBy": "Terraform",
              "Name": "dev-app-nat-eip-1",
              "Owner": "Team2",
              "Project": "security-monitoring",
              "Terraform": "true"
            },
            "timeouts": null,
            "vpc": true
          },
          "sensitive_attributes": [],
          "identity_schema_version": 0,
          "private": "eyJlMmJmYjczMC1lY2FhLTExZTYtOGY4OC0zNDM2M2JjN2M0YzAiOnsiZGVsZXRlIjoxODAwMDAwMDAwMDAsInJlYWQiOjkwMDAwMDAwMDAwMCwidXBkYXRlIjozMDAwMDAwMDAwMDB9fQ==",
          "dependencies": [
            "module.vpc.aws_internet_gateway.main",
            "module.vpc.aws_vpc.main"
          ],
          "create_before_destroy": true
        }
      ]
    },
    {
      "module": "module.vpc",
      "mode": "managed",
      "type": "aws_flow_log",
      "name": "vpc",
      "provider": "provider[\"registry.terraform.io/hashicorp/aws\"]",
      "instances": [
        {
          "index_key": 0,
          "schema_version": 0,
          "attributes": {
            "arn": "arn:aws:ec2:ap-northeast-2:040108639270:vpc-flow-log/fl-0cf1bd46b5dd65261",
            "deliver_cross_account_role": "",
            "destination_options": [],
            "eni_id": null,
            "iam_role_arn": "arn:aws:iam::040108639270:role/dev-app-vpc-flow-log-role",
            "id": "fl-0cf1bd46b5dd65261",
            "log_destination": "arn:aws:logs:ap-northeast-2:040108639270:log-group:/aws/vpc/flowlogs/dev-app",
            "log_destination_type": "cloud-watch-logs",
            "log_format": "${version} ${account-id} ${interface-id} ${srcaddr} ${dstaddr} ${srcport} ${dstport} ${protocol} ${packets} ${bytes} ${start} ${end} ${action} ${log-status}",
            "log_group_name": "/aws/vpc/flowlogs/dev-app",
            "max_aggregation_interval": 600,
            "subnet_id": null,
            "tags": {
              "Component": "Networking",
              "Environment": "dev",
              "Name": "dev-app-vpc-flow-logs",
              "Owner": "Team2",
              "Project": "security-monitoring",
              "Terraform": "true",
              "Type": "Network Security"
            },
            "tags_all": {
              "Component": "Networking",
              "CostCenter": "default-cost-center",
              "Environment": "dev",
              "ManagedBy": "Terraform",
              "Name": "dev-app-vpc-flow-logs",
              "Owner": "Team2",
              "Project": "security-monitoring",
              "Terraform": "true",
              "Type": "Network Security"
            },
            "traffic_type": "ALL",
            "transit_gateway_attachment_id": null,
            "transit_gateway_id": null,
            "vpc_id": "vpc-0e0f2f664d2c8d921"
          },
          "sensitive_attributes": [],
          "identity_schema_version": 0,
          "private": "bnVsbA==",
          "dependencies": [
            "module.vpc.aws_cloudwatch_log_group.vpc_flow_log",
            "module.vpc.aws_iam_role.flow_log",
            "module.vpc.aws_vpc.main"
          ],
          "create_before_destroy": true
        }
      ]
    },
    {
      "module": "module.vpc",
      "mode": "managed",
      "type": "aws_iam_role",
      "name": "flow_log",
      "provider": "provider[\"registry.terraform.io/hashicorp/aws\"]",
      "instances": [
        {
          "index_key": 0,
          "schema_version": 0,
          "attributes": {
            "arn": "arn:aws:iam::040108639270:role/dev-app-vpc-flow-log-role",
            "assume_role_policy": "{\"Statement\":[{\"Action\":\"sts:AssumeRole\",\"Effect\":\"Allow\",\"Principal\":{\"Service\":\"vpc-flow-logs.amazonaws.com\"}}],\"Version\":\"2012-10-17\"}",
            "create_date": "2025-10-17T04:52:56Z",
            "description": "",
            "force_detach_policies": false,
            "id": "dev-app-vpc-flow-log-role",
            "inline_policy": [
              {
                "name": "dev-app-vpc-flow-log-policy",
                "policy": "{\"Version\":\"2012-10-17\",\"Statement\":[{\"Action\":[\"logs:CreateLogGroup\",\"logs:CreateLogStream\",\"logs:PutLogEvents\",\"logs:DescribeLogGroups\",\"logs:DescribeLogStreams\"],\"Effect\":\"Allow\",\"Resource\":\"*\"}]}"
              }
            ],
            "managed_policy_arns": [],
            "max_session_duration": 3600,
            "name": "dev-app-vpc-flow-log-role",
            "name_prefix": "",
            "path": "/",
            "permissions_boundary": "",
            "tags": {
              "Component": "Networking",
              "Environment": "dev",
              "Owner": "Team2",
              "Project": "security-monitoring",
              "Terraform": "true"
            },
            "tags_all": {
              "Component": "Networking",
              "CostCenter": "default-cost-center",
              "Environment": "dev",
              "ManagedBy": "Terraform",
              "Owner": "Team2",
              "Project": "security-monitoring",
              "Terraform": "true"
            },
            "unique_id": "AROAQSVVJIQTAW5FPRQRK"
          },
          "sensitive_attributes": [],
          "identity_schema_version": 0,
          "private": "bnVsbA==",
          "create_before_destroy": true
        }
      ]
    },
    {
      "module": "module.vpc",
      "mode": "managed",
      "type": "aws_iam_role_policy",
      "name": "flow_log",
      "provider": "provider[\"registry.terraform.io/hashicorp/aws\"]",
      "instances": [
        {
          "index_key": 0,
          "schema_version": 0,
          "attributes": {
            "id": "dev-app-vpc-flow-log-role:dev-app-vpc-flow-log-policy",
            "name": "dev-app-vpc-flow-log-policy",
            "name_prefix": "",
            "policy": "{\"Version\":\"2012-10-17\",\"Statement\":[{\"Action\":[\"logs:CreateLogGroup\",\"logs:CreateLogStream\",\"logs:PutLogEvents\",\"logs:DescribeLogGroups\",\"logs:DescribeLogStreams\"],\"Effect\":\"Allow\",\"Resource\":\"*\"}]}",
            "role": "dev-app-vpc-flow-log-role"
          },
          "sensitive_attributes": [],
          "identity_schema_version": 0,
          "private": "bnVsbA==",
          "dependencies": [
            "module.vpc.aws_iam_role.flow_log"
          ],
          "create_before_destroy": true
        }
      ]
    },
    {
      "module": "module.vpc",
      "mode": "managed",
      "type": "aws_internet_gateway",
      "name": "main",
      "provider": "provider[\"registry.terraform.io/hashicorp/aws\"]",
      "instances": [
        {
          "schema_version": 0,
          "attributes": {
            "arn": "arn:aws:ec2:ap-northeast-2:040108639270:internet-gateway/igw-082a641c540fe0502",
            "id": "igw-082a641c540fe0502",
            "owner_id": "040108639270",
            "tags": {
              "Component": "Networking",
              "Environment": "dev",
              "Name": "dev-app-igw",
              "Terraform": "true"
            },
            "tags_all": {
              "Component": "Networking",
              "CostCenter": "default-cost-center",
              "Environment": "dev",
              "ManagedBy": "Terraform",
              "Name": "dev-app-igw",
              "Owner": "DevSecOps Team",
              "Project": "dev-app",
              "Terraform": "true"
            },
            "timeouts": null,
            "vpc_id": "vpc-0e0f2f664d2c8d921"
          },
          "sensitive_attributes": [],
          "identity_schema_version": 0,
          "private": "eyJlMmJmYjczMC1lY2FhLTExZTYtOGY4OC0zNDM2M2JjN2M0YzAiOnsiY3JlYXRlIjoxMjAwMDAwMDAwMDAwLCJkZWxldGUiOjEyMDAwMDAwMDAwMDAsInVwZGF0ZSI6MTIwMDAwMDAwMDAwMH19",
          "dependencies": [
            "module.vpc.aws_vpc.main"
          ],
          "create_before_destroy": true
        }
      ]
    },
    {
      "module": "module.vpc",
      "mode": "managed",
      "type": "aws_nat_gateway",
      "name": "main",
      "provider": "provider[\"registry.terraform.io/hashicorp/aws\"]",
      "instances": [
        {
          "index_key": 0,
          "schema_version": 0,
          "attributes": {
            "allocation_id": "eipalloc-0d0c4f98546f02f9f",
            "association_id": "eipassoc-07454fe8b4d17c6f1",
            "connectivity_type": "public",
            "id": "nat-00d15e67eed97ada7",
            "network_interface_id": "eni-07e9194dd09b426dd",
            "private_ip": "10.0.1.158",
            "public_ip": "3.39.46.166",
            "secondary_allocation_ids": [],
            "secondary_private_ip_address_count": 0,
            "secondary_private_ip_addresses": [],
            "subnet_id": "subnet-073cb3ab75ce4a61a",
            "tags": {
              "Component": "Networking",
              "Environment": "dev",
              "Name": "dev-app-nat-gw-1",
              "Owner": "Team2",
              "Project": "security-monitoring",
              "Terraform": "true"
            },
            "tags_all": {
              "Component": "Networking",
              "CostCenter": "default-cost-center",
              "Environment": "dev",
              "ManagedBy": "Terraform",
              "Name": "dev-app-nat-gw-1",
              "Owner": "Team2",
              "Project": "security-monitoring",
              "Terraform": "true"
            },
            "timeouts": null
          },
          "sensitive_attributes": [],
          "identity_schema_version": 0,
          "private": "eyJlMmJmYjczMC1lY2FhLTExZTYtOGY4OC0zNDM2M2JjN2M0YzAiOnsiY3JlYXRlIjo2MDAwMDAwMDAwMDAsImRlbGV0ZSI6MTgwMDAwMDAwMDAwMCwidXBkYXRlIjo2MDAwMDAwMDAwMDB9fQ==",
          "dependencies": [
            "module.vpc.aws_eip.nat",
            "module.vpc.aws_internet_gateway.main",
            "module.vpc.aws_subnet.public",
            "module.vpc.aws_vpc.main",
            "module.vpc.data.aws_availability_zones.available"
          ],
          "create_before_destroy": true
        }
      ]
    },
    {
      "module": "module.vpc",
      "mode": "managed",
      "type": "aws_route_table",
      "name": "database",
      "provider": "provider[\"registry.terraform.io/hashicorp/aws\"]",
      "instances": [
        {
          "schema_version": 0,
          "attributes": {
            "arn": "arn:aws:ec2:ap-northeast-2:040108639270:route-table/rtb-091d4c3063bd5fda0",
            "id": "rtb-091d4c3063bd5fda0",
            "owner_id": "040108639270",
            "propagating_vgws": [],
            "route": [],
            "tags": {
              "Component": "Networking",
              "Environment": "dev",
              "Name": "dev-app-db-rt",
              "Owner": "Team2",
              "Project": "security-monitoring",
              "Terraform": "true",
              "Type": "Database"
            },
            "tags_all": {
              "Component": "Networking",
              "CostCenter": "default-cost-center",
              "Environment": "dev",
              "ManagedBy": "Terraform",
              "Name": "dev-app-db-rt",
              "Owner": "Team2",
              "Project": "security-monitoring",
              "Terraform": "true",
              "Type": "Database"
            },
            "timeouts": null,
            "vpc_id": "vpc-0e0f2f664d2c8d921"
          },
          "sensitive_attributes": [],
          "identity_schema_version": 0,
          "private": "eyJlMmJmYjczMC1lY2FhLTExZTYtOGY4OC0zNDM2M2JjN2M0YzAiOnsiY3JlYXRlIjozMDAwMDAwMDAwMDAsImRlbGV0ZSI6MzAwMDAwMDAwMDAwLCJ1cGRhdGUiOjEyMDAwMDAwMDAwMH19",
          "dependencies": [
            "module.vpc.aws_vpc.main"
          ],
          "create_before_destroy": true
        }
      ]
    },
    {
      "module": "module.vpc",
      "mode": "managed",
      "type": "aws_route_table",
      "name": "private",
      "provider": "provider[\"registry.terraform.io/hashicorp/aws\"]",
      "instances": [
        {
          "index_key": 0,
          "schema_version": 0,
          "attributes": {
            "arn": "arn:aws:ec2:ap-northeast-2:040108639270:route-table/rtb-00cc244adcf542149",
            "id": "rtb-00cc244adcf542149",
            "owner_id": "040108639270",
            "propagating_vgws": [],
            "route": [
              {
                "carrier_gateway_id": "",
                "cidr_block": "0.0.0.0/0",
                "core_network_arn": "",
                "destination_prefix_list_id": "",
                "egress_only_gateway_id": "",
                "gateway_id": "",
                "ipv6_cidr_block": "",
                "local_gateway_id": "",
                "nat_gateway_id": "nat-00d15e67eed97ada7",
                "network_interface_id": "",
                "transit_gateway_id": "",
                "vpc_endpoint_id": "",
                "vpc_peering_connection_id": ""
              }
            ],
            "tags": {
              "Component": "Networking",
              "Environment": "dev",
              "Name": "dev-app-private-rt-1",
              "Owner": "Team2",
              "Project": "security-monitoring",
              "Terraform": "true",
              "Type": "Private"
            },
            "tags_all": {
              "Component": "Networking",
              "CostCenter": "default-cost-center",
              "Environment": "dev",
              "ManagedBy": "Terraform",
              "Name": "dev-app-private-rt-1",
              "Owner": "Team2",
              "Project": "security-monitoring",
              "Terraform": "true",
              "Type": "Private"
            },
            "timeouts": null,
            "vpc_id": "vpc-0e0f2f664d2c8d921"
          },
          "sensitive_attributes": [],
          "identity_schema_version": 0,
          "private": "eyJlMmJmYjczMC1lY2FhLTExZTYtOGY4OC0zNDM2M2JjN2M0YzAiOnsiY3JlYXRlIjozMDAwMDAwMDAwMDAsImRlbGV0ZSI6MzAwMDAwMDAwMDAwLCJ1cGRhdGUiOjEyMDAwMDAwMDAwMH19",
          "dependencies": [
            "module.vpc.aws_eip.nat",
            "module.vpc.aws_internet_gateway.main",
            "module.vpc.aws_nat_gateway.main",
            "module.vpc.aws_subnet.public",
            "module.vpc.aws_vpc.main",
            "module.vpc.data.aws_availability_zones.available"
          ],
          "create_before_destroy": true
        },
        {
          "index_key": 1,
          "schema_version": 0,
          "attributes": {
            "arn": "arn:aws:ec2:ap-northeast-2:040108639270:route-table/rtb-0b679a2e22f782313",
            "id": "rtb-0b679a2e22f782313",
            "owner_id": "040108639270",
            "propagating_vgws": [],
            "route": [
              {
                "carrier_gateway_id": "",
                "cidr_block": "0.0.0.0/0",
                "core_network_arn": "",
                "destination_prefix_list_id": "",
                "egress_only_gateway_id": "",
                "gateway_id": "",
                "ipv6_cidr_block": "",
                "local_gateway_id": "",
                "nat_gateway_id": "nat-00d15e67eed97ada7",
                "network_interface_id": "",
                "transit_gateway_id": "",
                "vpc_endpoint_id": "",
                "vpc_peering_connection_id": ""
              }
            ],
            "tags": {
              "Component": "Networking",
              "Environment": "dev",
              "Name": "dev-app-private-rt-2",
              "Owner": "Team2",
              "Project": "security-monitoring",
              "Terraform": "true",
              "Type": "Private"
            },
            "tags_all": {
              "Component": "Networking",
              "CostCenter": "default-cost-center",
              "Environment": "dev",
              "ManagedBy": "Terraform",
              "Name": "dev-app-private-rt-2",
              "Owner": "Team2",
              "Project": "security-monitoring",
              "Terraform": "true",
              "Type": "Private"
            },
            "timeouts": null,
            "vpc_id": "vpc-0e0f2f664d2c8d921"
          },
          "sensitive_attributes": [],
          "identity_schema_version": 0,
          "private": "eyJlMmJmYjczMC1lY2FhLTExZTYtOGY4OC0zNDM2M2JjN2M0YzAiOnsiY3JlYXRlIjozMDAwMDAwMDAwMDAsImRlbGV0ZSI6MzAwMDAwMDAwMDAwLCJ1cGRhdGUiOjEyMDAwMDAwMDAwMH19",
          "dependencies": [
            "module.vpc.aws_eip.nat",
            "module.vpc.aws_internet_gateway.main",
            "module.vpc.aws_nat_gateway.main",
            "module.vpc.aws_subnet.public",
            "module.vpc.aws_vpc.main",
            "module.vpc.data.aws_availability_zones.available"
          ],
          "create_before_destroy": true
        }
      ]
    },
    {
      "module": "module.vpc",
      "mode": "managed",
      "type": "aws_route_table",
      "name": "public",
      "provider": "provider[\"registry.terraform.io/hashicorp/aws\"]",
      "instances": [
        {
          "schema_version": 0,
          "attributes": {
            "arn": "arn:aws:ec2:ap-northeast-2:040108639270:route-table/rtb-0b1bce030161798af",
            "id": "rtb-0b1bce030161798af",
            "owner_id": "040108639270",
            "propagating_vgws": [],
            "route": [
              {
                "carrier_gateway_id": "",
                "cidr_block": "0.0.0.0/0",
                "core_network_arn": "",
                "destination_prefix_list_id": "",
                "egress_only_gateway_id": "",
                "gateway_id": "igw-082a641c540fe0502",
                "ipv6_cidr_block": "",
                "local_gateway_id": "",
                "nat_gateway_id": "",
                "network_interface_id": "",
                "transit_gateway_id": "",
                "vpc_endpoint_id": "",
                "vpc_peering_connection_id": ""
              }
            ],
            "tags": {
              "Component": "Networking",
              "Environment": "dev",
              "Name": "dev-app-public-rt",
              "Owner": "Team2",
              "Project": "security-monitoring",
              "Terraform": "true",
              "Type": "Public"
            },
            "tags_all": {
              "Component": "Networking",
              "CostCenter": "default-cost-center",
              "Environment": "dev",
              "ManagedBy": "Terraform",
              "Name": "dev-app-public-rt",
              "Owner": "Team2",
              "Project": "security-monitoring",
              "Terraform": "true",
              "Type": "Public"
            },
            "timeouts": null,
            "vpc_id": "vpc-0e0f2f664d2c8d921"
          },
          "sensitive_attributes": [],
          "identity_schema_version": 0,
          "private": "eyJlMmJmYjczMC1lY2FhLTExZTYtOGY4OC0zNDM2M2JjN2M0YzAiOnsiY3JlYXRlIjozMDAwMDAwMDAwMDAsImRlbGV0ZSI6MzAwMDAwMDAwMDAwLCJ1cGRhdGUiOjEyMDAwMDAwMDAwMH19",
          "dependencies": [
            "module.vpc.aws_internet_gateway.main",
            "module.vpc.aws_vpc.main"
          ],
          "create_before_destroy": true
        }
      ]
    },
    {
      "module": "module.vpc",
      "mode": "managed",
      "type": "aws_route_table_association",
      "name": "database",
      "provider": "provider[\"registry.terraform.io/hashicorp/aws\"]",
      "instances": [
        {
          "index_key": 0,
          "schema_version": 0,
          "attributes": {
            "gateway_id": "",
            "id": "rtbassoc-0df6d6ae650f2cce8",
            "route_table_id": "rtb-091d4c3063bd5fda0",
            "subnet_id": "subnet-0318804116c77a3fc",
            "timeouts": null
          },
          "sensitive_attributes": [],
          "identity_schema_version": 0,
          "private": "eyJlMmJmYjczMC1lY2FhLTExZTYtOGY4OC0zNDM2M2JjN2M0YzAiOnsiY3JlYXRlIjozMDAwMDAwMDAwMDAsImRlbGV0ZSI6MzAwMDAwMDAwMDAwLCJ1cGRhdGUiOjEyMDAwMDAwMDAwMH19",
          "dependencies": [
            "module.vpc.aws_route_table.database",
            "module.vpc.aws_subnet.database",
            "module.vpc.aws_vpc.main",
            "module.vpc.data.aws_availability_zones.available"
          ],
          "create_before_destroy": true
        },
        {
          "index_key": 1,
          "schema_version": 0,
          "attributes": {
            "gateway_id": "",
            "id": "rtbassoc-0e4cde65dd6392b44",
            "route_table_id": "rtb-091d4c3063bd5fda0",
            "subnet_id": "subnet-004a920e571afbbc5",
            "timeouts": null
          },
          "sensitive_attributes": [],
          "identity_schema_version": 0,
          "private": "eyJlMmJmYjczMC1lY2FhLTExZTYtOGY4OC0zNDM2M2JjN2M0YzAiOnsiY3JlYXRlIjozMDAwMDAwMDAwMDAsImRlbGV0ZSI6MzAwMDAwMDAwMDAwLCJ1cGRhdGUiOjEyMDAwMDAwMDAwMH19",
          "dependencies": [
            "module.vpc.aws_route_table.database",
            "module.vpc.aws_subnet.database",
            "module.vpc.aws_vpc.main",
            "module.vpc.data.aws_availability_zones.available"
          ],
          "create_before_destroy": true
        }
      ]
    },
    {
      "module": "module.vpc",
      "mode": "managed",
      "type": "aws_route_table_association",
      "name": "private",
      "provider": "provider[\"registry.terraform.io/hashicorp/aws\"]",
      "instances": [
        {
          "index_key": 0,
          "schema_version": 0,
          "attributes": {
            "gateway_id": "",
            "id": "rtbassoc-08d05680e6f1d422a",
            "route_table_id": "rtb-00cc244adcf542149",
            "subnet_id": "subnet-0bbaac0d74842b388",
            "timeouts": null
          },
          "sensitive_attributes": [],
          "identity_schema_version": 0,
          "private": "eyJlMmJmYjczMC1lY2FhLTExZTYtOGY4OC0zNDM2M2JjN2M0YzAiOnsiY3JlYXRlIjozMDAwMDAwMDAwMDAsImRlbGV0ZSI6MzAwMDAwMDAwMDAwLCJ1cGRhdGUiOjEyMDAwMDAwMDAwMH19",
          "dependencies": [
            "module.vpc.aws_eip.nat",
            "module.vpc.aws_internet_gateway.main",
            "module.vpc.aws_nat_gateway.main",
            "module.vpc.aws_route_table.private",
            "module.vpc.aws_subnet.private",
            "module.vpc.aws_subnet.public",
            "module.vpc.aws_vpc.main",
            "module.vpc.data.aws_availability_zones.available"
          ],
          "create_before_destroy": true
        },
        {
          "index_key": 1,
          "schema_version": 0,
          "attributes": {
            "gateway_id": "",
            "id": "rtbassoc-00c688180fd362cf7",
            "route_table_id": "rtb-0b679a2e22f782313",
            "subnet_id": "subnet-0bfbf820a974e3e6c",
            "timeouts": null
          },
          "sensitive_attributes": [],
          "identity_schema_version": 0,
          "private": "eyJlMmJmYjczMC1lY2FhLTExZTYtOGY4OC0zNDM2M2JjN2M0YzAiOnsiY3JlYXRlIjozMDAwMDAwMDAwMDAsImRlbGV0ZSI6MzAwMDAwMDAwMDAwLCJ1cGRhdGUiOjEyMDAwMDAwMDAwMH19",
          "dependencies": [
            "module.vpc.aws_eip.nat",
            "module.vpc.aws_internet_gateway.main",
            "module.vpc.aws_nat_gateway.main",
            "module.vpc.aws_route_table.private",
            "module.vpc.aws_subnet.private",
            "module.vpc.aws_subnet.public",
            "module.vpc.aws_vpc.main",
            "module.vpc.data.aws_availability_zones.available"
          ],
          "create_before_destroy": true
        }
      ]
    },
    {
      "module": "module.vpc",
      "mode": "managed",
      "type": "aws_route_table_association",
      "name": "public",
      "provider": "provider[\"registry.terraform.io/hashicorp/aws\"]",
      "instances": [
        {
          "index_key": 0,
          "schema_version": 0,
          "attributes": {
            "gateway_id": "",
            "id": "rtbassoc-05d36732b2396fa31",
            "route_table_id": "rtb-0b1bce030161798af",
            "subnet_id": "subnet-073cb3ab75ce4a61a",
            "timeouts": null
          },
          "sensitive_attributes": [],
          "identity_schema_version": 0,
          "private": "eyJlMmJmYjczMC1lY2FhLTExZTYtOGY4OC0zNDM2M2JjN2M0YzAiOnsiY3JlYXRlIjozMDAwMDAwMDAwMDAsImRlbGV0ZSI6MzAwMDAwMDAwMDAwLCJ1cGRhdGUiOjEyMDAwMDAwMDAwMH19",
          "dependencies": [
            "module.vpc.aws_internet_gateway.main",
            "module.vpc.aws_route_table.public",
            "module.vpc.aws_subnet.public",
            "module.vpc.aws_vpc.main",
            "module.vpc.data.aws_availability_zones.available"
          ],
          "create_before_destroy": true
        },
        {
          "index_key": 1,
          "schema_version": 0,
          "attributes": {
            "gateway_id": "",
            "id": "rtbassoc-07cd66141afbc293f",
            "route_table_id": "rtb-0b1bce030161798af",
            "subnet_id": "subnet-01dcc350914d93b06",
            "timeouts": null
          },
          "sensitive_attributes": [],
          "identity_schema_version": 0,
          "private": "eyJlMmJmYjczMC1lY2FhLTExZTYtOGY4OC0zNDM2M2JjN2M0YzAiOnsiY3JlYXRlIjozMDAwMDAwMDAwMDAsImRlbGV0ZSI6MzAwMDAwMDAwMDAwLCJ1cGRhdGUiOjEyMDAwMDAwMDAwMH19",
          "dependencies": [
            "module.vpc.aws_internet_gateway.main",
            "module.vpc.aws_route_table.public",
            "module.vpc.aws_subnet.public",
            "module.vpc.aws_vpc.main",
            "module.vpc.data.aws_availability_zones.available"
          ],
          "create_before_destroy": true
        }
      ]
    },
    {
      "module": "module.vpc",
      "mode": "managed",
      "type": "aws_subnet",
      "name": "database",
      "provider": "provider[\"registry.terraform.io/hashicorp/aws\"]",
      "instances": [
        {
          "index_key": 0,
          "schema_version": 1,
          "attributes": {
            "arn": "arn:aws:ec2:ap-northeast-2:040108639270:subnet/subnet-0318804116c77a3fc",
            "assign_ipv6_address_on_creation": false,
            "availability_zone": "ap-northeast-2a",
            "availability_zone_id": "apne2-az1",
            "cidr_block": "10.0.100.0/24",
            "customer_owned_ipv4_pool": "",
            "enable_dns64": false,
            "enable_lni_at_device_index": 0,
            "enable_resource_name_dns_a_record_on_launch": false,
            "enable_resource_name_dns_aaaa_record_on_launch": false,
            "id": "subnet-0318804116c77a3fc",
            "ipv6_cidr_block": "",
            "ipv6_cidr_block_association_id": "",
            "ipv6_native": false,
            "map_customer_owned_ip_on_launch": false,
            "map_public_ip_on_launch": false,
            "outpost_arn": "",
            "owner_id": "040108639270",
            "private_dns_hostname_type_on_launch": "ip-name",
            "tags": {
              "Component": "Networking",
              "Environment": "dev",
              "Name": "dev-app-db-subnet-1",
              "Owner": "Team2",
              "Project": "security-monitoring",
              "Terraform": "true",
              "Tier": "Data",
              "Type": "Database"
            },
            "tags_all": {
              "Component": "Networking",
              "CostCenter": "default-cost-center",
              "Environment": "dev",
              "ManagedBy": "Terraform",
              "Name": "dev-app-db-subnet-1",
              "Owner": "Team2",
              "Project": "security-monitoring",
              "Terraform": "true",
              "Tier": "Data",
              "Type": "Database"
            },
            "timeouts": null,
            "vpc_id": "vpc-0e0f2f664d2c8d921"
          },
          "sensitive_attributes": [],
          "identity_schema_version": 0,
          "private": "eyJlMmJmYjczMC1lY2FhLTExZTYtOGY4OC0zNDM2M2JjN2M0YzAiOnsiY3JlYXRlIjo2MDAwMDAwMDAwMDAsImRlbGV0ZSI6MTIwMDAwMDAwMDAwMH0sInNjaGVtYV92ZXJzaW9uIjoiMSJ9",
          "dependencies": [
            "module.vpc.aws_vpc.main",
            "module.vpc.data.aws_availability_zones.available"
          ],
          "create_before_destroy": true
        },
        {
          "index_key": 1,
          "schema_version": 1,
          "attributes": {
            "arn": "arn:aws:ec2:ap-northeast-2:040108639270:subnet/subnet-004a920e571afbbc5",
            "assign_ipv6_address_on_creation": false,
            "availability_zone": "ap-northeast-2b",
            "availability_zone_id": "apne2-az2",
            "cidr_block": "10.0.110.0/24",
            "customer_owned_ipv4_pool": "",
            "enable_dns64": false,
            "enable_lni_at_device_index": 0,
            "enable_resource_name_dns_a_record_on_launch": false,
            "enable_resource_name_dns_aaaa_record_on_launch": false,
            "id": "subnet-004a920e571afbbc5",
            "ipv6_cidr_block": "",
            "ipv6_cidr_block_association_id": "",
            "ipv6_native": false,
            "map_customer_owned_ip_on_launch": false,
            "map_public_ip_on_launch": false,
            "outpost_arn": "",
            "owner_id": "040108639270",
            "private_dns_hostname_type_on_launch": "ip-name",
            "tags": {
              "Component": "Networking",
              "Environment": "dev",
              "Name": "dev-app-db-subnet-2",
              "Owner": "Team2",
              "Project": "security-monitoring",
              "Terraform": "true",
              "Tier": "Data",
              "Type": "Database"
            },
            "tags_all": {
              "Component": "Networking",
              "CostCenter": "default-cost-center",
              "Environment": "dev",
              "ManagedBy": "Terraform",
              "Name": "dev-app-db-subnet-2",
              "Owner": "Team2",
              "Project": "security-monitoring",
              "Terraform": "true",
              "Tier": "Data",
              "Type": "Database"
            },
            "timeouts": null,
            "vpc_id": "vpc-0e0f2f664d2c8d921"
          },
          "sensitive_attributes": [],
          "identity_schema_version": 0,
          "private": "eyJlMmJmYjczMC1lY2FhLTExZTYtOGY4OC0zNDM2M2JjN2M0YzAiOnsiY3JlYXRlIjo2MDAwMDAwMDAwMDAsImRlbGV0ZSI6MTIwMDAwMDAwMDAwMH0sInNjaGVtYV92ZXJzaW9uIjoiMSJ9",
          "dependencies": [
            "module.vpc.aws_vpc.main",
            "module.vpc.data.aws_availability_zones.available"
          ],
          "create_before_destroy": true
        }
      ]
    },
    {
      "module": "module.vpc",
      "mode": "managed",
      "type": "aws_subnet",
      "name": "private",
      "provider": "provider[\"registry.terraform.io/hashicorp/aws\"]",
      "instances": [
        {
          "index_key": 0,
          "schema_version": 1,
          "attributes": {
            "arn": "arn:aws:ec2:ap-northeast-2:040108639270:subnet/subnet-0bbaac0d74842b388",
            "assign_ipv6_address_on_creation": false,
            "availability_zone": "ap-northeast-2a",
            "availability_zone_id": "apne2-az1",
            "cidr_block": "10.0.10.0/24",
            "customer_owned_ipv4_pool": "",
            "enable_dns64": false,
            "enable_lni_at_device_index": 0,
            "enable_resource_name_dns_a_record_on_launch": false,
            "enable_resource_name_dns_aaaa_record_on_launch": false,
            "id": "subnet-0bbaac0d74842b388",
            "ipv6_cidr_block": "",
            "ipv6_cidr_block_association_id": "",
            "ipv6_native": false,
            "map_customer_owned_ip_on_launch": false,
            "map_public_ip_on_launch": false,
            "outpost_arn": "",
            "owner_id": "040108639270",
            "private_dns_hostname_type_on_launch": "ip-name",
            "tags": {
              "Component": "Networking",
              "Environment": "dev",
              "Name": "dev-app-private-subnet-1",
              "Owner": "Team2",
              "Project": "security-monitoring",
              "Terraform": "true",
              "Tier": "Application",
              "Type": "Private",
              "kubernetes.io/cluster/dev-app-eks": "shared",
              "kubernetes.io/role/internal-elb": "1"
            },
            "tags_all": {
              "Component": "Networking",
              "CostCenter": "default-cost-center",
              "Environment": "dev",
              "ManagedBy": "Terraform",
              "Name": "dev-app-private-subnet-1",
              "Owner": "Team2",
              "Project": "security-monitoring",
              "Terraform": "true",
              "Tier": "Application",
              "Type": "Private",
              "kubernetes.io/cluster/dev-app-eks": "shared",
              "kubernetes.io/role/internal-elb": "1"
            },
            "timeouts": null,
            "vpc_id": "vpc-0e0f2f664d2c8d921"
          },
          "sensitive_attributes": [],
          "identity_schema_version": 0,
          "private": "eyJlMmJmYjczMC1lY2FhLTExZTYtOGY4OC0zNDM2M2JjN2M0YzAiOnsiY3JlYXRlIjo2MDAwMDAwMDAwMDAsImRlbGV0ZSI6MTIwMDAwMDAwMDAwMH0sInNjaGVtYV92ZXJzaW9uIjoiMSJ9",
          "dependencies": [
            "module.vpc.aws_vpc.main",
            "module.vpc.data.aws_availability_zones.available"
          ],
          "create_before_destroy": true
        },
        {
          "index_key": 1,
          "schema_version": 1,
          "attributes": {
            "arn": "arn:aws:ec2:ap-northeast-2:040108639270:subnet/subnet-0bfbf820a974e3e6c",
            "assign_ipv6_address_on_creation": false,
            "availability_zone": "ap-northeast-2b",
            "availability_zone_id": "apne2-az2",
            "cidr_block": "10.0.20.0/24",
            "customer_owned_ipv4_pool": "",
            "enable_dns64": false,
            "enable_lni_at_device_index": 0,
            "enable_resource_name_dns_a_record_on_launch": false,
            "enable_resource_name_dns_aaaa_record_on_launch": false,
            "id": "subnet-0bfbf820a974e3e6c",
            "ipv6_cidr_block": "",
            "ipv6_cidr_block_association_id": "",
            "ipv6_native": false,
            "map_customer_owned_ip_on_launch": false,
            "map_public_ip_on_launch": false,
            "outpost_arn": "",
            "owner_id": "040108639270",
            "private_dns_hostname_type_on_launch": "ip-name",
            "tags": {
              "Component": "Networking",
              "Environment": "dev",
              "Name": "dev-app-private-subnet-2",
              "Owner": "Team2",
              "Project": "security-monitoring",
              "Terraform": "true",
              "Tier": "Application",
              "Type": "Private",
              "kubernetes.io/cluster/dev-app-eks": "shared",
              "kubernetes.io/role/internal-elb": "1"
            },
            "tags_all": {
              "Component": "Networking",
              "CostCenter": "default-cost-center",
              "Environment": "dev",
              "ManagedBy": "Terraform",
              "Name": "dev-app-private-subnet-2",
              "Owner": "Team2",
              "Project": "security-monitoring",
              "Terraform": "true",
              "Tier": "Application",
              "Type": "Private",
              "kubernetes.io/cluster/dev-app-eks": "shared",
              "kubernetes.io/role/internal-elb": "1"
            },
            "timeouts": null,
            "vpc_id": "vpc-0e0f2f664d2c8d921"
          },
          "sensitive_attributes": [],
          "identity_schema_version": 0,
          "private": "eyJlMmJmYjczMC1lY2FhLTExZTYtOGY4OC0zNDM2M2JjN2M0YzAiOnsiY3JlYXRlIjo2MDAwMDAwMDAwMDAsImRlbGV0ZSI6MTIwMDAwMDAwMDAwMH0sInNjaGVtYV92ZXJzaW9uIjoiMSJ9",
          "dependencies": [
            "module.vpc.aws_vpc.main",
            "module.vpc.data.aws_availability_zones.available"
          ],
          "create_before_destroy": true
        }
      ]
    },
    {
      "module": "module.vpc",
      "mode": "managed",
      "type": "aws_subnet",
      "name": "public",
      "provider": "provider[\"registry.terraform.io/hashicorp/aws\"]",
      "instances": [
        {
          "index_key": 0,
          "schema_version": 1,
          "attributes": {
            "arn": "arn:aws:ec2:ap-northeast-2:040108639270:subnet/subnet-073cb3ab75ce4a61a",
            "assign_ipv6_address_on_creation": false,
            "availability_zone": "ap-northeast-2a",
            "availability_zone_id": "apne2-az1",
            "cidr_block": "10.0.1.0/24",
            "customer_owned_ipv4_pool": "",
            "enable_dns64": false,
            "enable_lni_at_device_index": 0,
            "enable_resource_name_dns_a_record_on_launch": false,
            "enable_resource_name_dns_aaaa_record_on_launch": false,
            "id": "subnet-073cb3ab75ce4a61a",
            "ipv6_cidr_block": "",
            "ipv6_cidr_block_association_id": "",
            "ipv6_native": false,
            "map_customer_owned_ip_on_launch": false,
            "map_public_ip_on_launch": true,
            "outpost_arn": "",
            "owner_id": "040108639270",
            "private_dns_hostname_type_on_launch": "ip-name",
            "tags": {
              "Component": "Networking",
              "Environment": "dev",
              "Name": "dev-app-public-subnet-1",
              "Terraform": "true",
              "Tier": "Web",
              "Type": "Public"
            },
            "tags_all": {
              "Component": "Networking",
              "CostCenter": "default-cost-center",
              "Environment": "dev",
              "ManagedBy": "Terraform",
              "Name": "dev-app-public-subnet-1",
              "Owner": "DevSecOps Team",
              "Project": "dev-app",
              "Terraform": "true",
              "Tier": "Web",
              "Type": "Public"
            },
            "timeouts": null,
            "vpc_id": "vpc-0e0f2f664d2c8d921"
          },
          "sensitive_attributes": [],
          "identity_schema_version": 0,
          "private": "eyJlMmJmYjczMC1lY2FhLTExZTYtOGY4OC0zNDM2M2JjN2M0YzAiOnsiY3JlYXRlIjo2MDAwMDAwMDAwMDAsImRlbGV0ZSI6MTIwMDAwMDAwMDAwMH0sInNjaGVtYV92ZXJzaW9uIjoiMSJ9",
          "dependencies": [
            "module.vpc.aws_vpc.main",
            "module.vpc.data.aws_availability_zones.available"
          ],
          "create_before_destroy": true
        },
        {
          "index_key": 1,
          "schema_version": 1,
          "attributes": {
            "arn": "arn:aws:ec2:ap-northeast-2:040108639270:subnet/subnet-01dcc350914d93b06",
            "assign_ipv6_address_on_creation": false,
            "availability_zone": "ap-northeast-2b",
            "availability_zone_id": "apne2-az2",
            "cidr_block": "10.0.2.0/24",
            "customer_owned_ipv4_pool": "",
            "enable_dns64": false,
            "enable_lni_at_device_index": 0,
            "enable_resource_name_dns_a_record_on_launch": false,
            "enable_resource_name_dns_aaaa_record_on_launch": false,
            "id": "subnet-01dcc350914d93b06",
            "ipv6_cidr_block": "",
            "ipv6_cidr_block_association_id": "",
            "ipv6_native": false,
            "map_customer_owned_ip_on_launch": false,
            "map_public_ip_on_launch": true,
            "outpost_arn": "",
            "owner_id": "040108639270",
            "private_dns_hostname_type_on_launch": "ip-name",
            "tags": {
              "Component": "Networking",
              "Environment": "dev",
              "Name": "dev-app-public-subnet-2",
              "Terraform": "true",
              "Tier": "Web",
              "Type": "Public"
            },
            "tags_all": {
              "Component": "Networking",
              "CostCenter": "default-cost-center",
              "Environment": "dev",
              "ManagedBy": "Terraform",
              "Name": "dev-app-public-subnet-2",
              "Owner": "DevSecOps Team",
              "Project": "dev-app",
              "Terraform": "true",
              "Tier": "Web",
              "Type": "Public"
            },
            "timeouts": null,
            "vpc_id": "vpc-0e0f2f664d2c8d921"
          },
          "sensitive_attributes": [],
          "identity_schema_version": 0,
          "private": "eyJlMmJmYjczMC1lY2FhLTExZTYtOGY4OC0zNDM2M2JjN2M0YzAiOnsiY3JlYXRlIjo2MDAwMDAwMDAwMDAsImRlbGV0ZSI6MTIwMDAwMDAwMDAwMH0sInNjaGVtYV92ZXJzaW9uIjoiMSJ9",
          "dependencies": [
            "module.vpc.aws_vpc.main",
            "module.vpc.data.aws_availability_zones.available"
          ],
          "create_before_destroy": true
        }
      ]
    },
    {
      "module": "module.vpc",
      "mode": "managed",
      "type": "aws_vpc",
      "name": "main",
      "provider": "provider[\"registry.terraform.io/hashicorp/aws\"]",
      "instances": [
        {
          "schema_version": 1,
          "attributes": {
            "arn": "arn:aws:ec2:ap-northeast-2:040108639270:vpc/vpc-0e0f2f664d2c8d921",
            "assign_generated_ipv6_cidr_block": false,
            "cidr_block": "10.0.0.0/16",
            "default_network_acl_id": "acl-0c6e2fecf2e9f2b9a",
            "default_route_table_id": "rtb-01a2b05994bd5362e",
            "default_security_group_id": "sg-041e4cf1500e913d8",
            "dhcp_options_id": "dopt-00432c238245ee0d9",
            "enable_dns_hostnames": true,
            "enable_dns_support": true,
            "enable_network_address_usage_metrics": false,
            "id": "vpc-0e0f2f664d2c8d921",
            "instance_tenancy": "default",
            "ipv4_ipam_pool_id": null,
            "ipv4_netmask_length": null,
            "ipv6_association_id": "",
            "ipv6_cidr_block": "",
            "ipv6_cidr_block_network_border_group": "",
            "ipv6_ipam_pool_id": "",
            "ipv6_netmask_length": 0,
            "main_route_table_id": "rtb-01a2b05994bd5362e",
            "owner_id": "040108639270",
            "tags": {
              "Component": "Networking",
              "Environment": "dev",
              "Name": "dev-app-vpc",
              "Terraform": "true",
              "Type": "Main VPC"
            },
            "tags_all": {
              "Component": "Networking",
              "CostCenter": "default-cost-center",
              "Environment": "dev",
              "ManagedBy": "Terraform",
              "Name": "dev-app-vpc",
              "Owner": "DevSecOps Team",
              "Project": "dev-app",
              "Terraform": "true",
              "Type": "Main VPC"
            }
          },
          "sensitive_attributes": [],
          "identity_schema_version": 0,
          "private": "eyJzY2hlbWFfdmVyc2lvbiI6IjEifQ==",
          "create_before_destroy": true
        }
      ]
    }
  ],
  "check_results": [
    {
      "object_kind": "var",
      "config_addr": "module.rds.var.monitoring_interval",
      "status": "pass",
      "objects": [
        {
          "object_addr": "module.rds.var.monitoring_interval",
          "status": "pass"
        }
      ]
    },
    {
      "object_kind": "var",
      "config_addr": "var.environment",
      "status": "pass",
      "objects": [
        {
          "object_addr": "var.environment",
          "status": "pass"
        }
      ]
    },
    {
      "object_kind": "var",
      "config_addr": "var.dynamodb_billing_mode",
      "status": "pass",
      "objects": [
        {
          "object_addr": "var.dynamodb_billing_mode",
          "status": "pass"
        }
      ]
    },
    {
      "object_kind": "var",
      "config_addr": "module.ec2.var.lb_type",
      "status": "pass",
      "objects": [
        {
          "object_addr": "module.ec2.var.lb_type",
          "status": "pass"
        }
      ]
    },
    {
      "object_kind": "var",
      "config_addr": "module.ec2.var.environment",
      "status": "pass",
      "objects": [
        {
          "object_addr": "module.ec2.var.environment",
          "status": "pass"
        }
      ]
    },
    {
      "object_kind": "var",
      "config_addr": "module.vpc.var.environment",
      "status": "pass",
      "objects": [
        {
          "object_addr": "module.vpc.var.environment",
          "status": "pass"
        }
      ]
    },
    {
      "object_kind": "var",
      "config_addr": "module.vpc.var.public_subnet_cidrs",
      "status": "pass",
      "objects": [
        {
          "object_addr": "module.vpc.var.public_subnet_cidrs",
          "status": "pass"
        }
      ]
    },
    {
      "object_kind": "var",
      "config_addr": "module.vpc.var.database_subnet_cidrs",
      "status": "pass",
      "objects": [
        {
          "object_addr": "module.vpc.var.database_subnet_cidrs",
          "status": "pass"
        }
      ]
    },
    {
      "object_kind": "var",
      "config_addr": "var.db_password",
      "status": "pass",
      "objects": [
        {
          "object_addr": "var.db_password",
          "status": "pass"
        }
      ]
    },
    {
      "object_kind": "var",
      "config_addr": "var.lb_type",
      "status": "pass",
      "objects": [
        {
          "object_addr": "var.lb_type",
          "status": "pass"
        }
      ]
    },
    {
      "object_kind": "var",
      "config_addr": "module.vpc.var.vpc_cidr",
      "status": "pass",
      "objects": [
        {
          "object_addr": "module.vpc.var.vpc_cidr",
          "status": "pass"
        }
      ]
    },
    {
      "object_kind": "var",
      "config_addr": "var.data_classification",
      "status": "pass",
      "objects": [
        {
          "object_addr": "var.data_classification",
          "status": "pass"
        }
      ]
    },
    {
      "object_kind": "var",
      "config_addr": "module.rds.var.storage_type",
      "status": "pass",
      "objects": [
        {
          "object_addr": "module.rds.var.storage_type",
          "status": "pass"
        }
      ]
    },
    {
      "object_kind": "var",
      "config_addr": "module.rds.var.engine",
      "status": "pass",
      "objects": [
        {
          "object_addr": "module.rds.var.engine",
          "status": "pass"
        }
      ]
    },
    {
      "object_kind": "var",
      "config_addr": "module.vpc.var.flow_log_retention_days",
      "status": "pass",
      "objects": [
        {
          "object_addr": "module.vpc.var.flow_log_retention_days",
          "status": "pass"
        }
      ]
    },
    {
      "object_kind": "var",
      "config_addr": "module.rds.var.backup_retention_period",
      "status": "pass",
      "objects": [
        {
          "object_addr": "module.rds.var.backup_retention_period",
          "status": "pass"
        }
      ]
    },
    {
      "object_kind": "var",
      "config_addr": "module.ec2.var.project_name",
      "status": "pass",
      "objects": [
        {
          "object_addr": "module.ec2.var.project_name",
          "status": "pass"
        }
      ]
    },
    {
      "object_kind": "var",
      "config_addr": "module.vpc.var.project_name",
      "status": "pass",
      "objects": [
        {
          "object_addr": "module.vpc.var.project_name",
          "status": "pass"
        }
      ]
    },
    {
      "object_kind": "var",
      "config_addr": "module.vpc.var.private_subnet_cidrs",
      "status": "pass",
      "objects": [
        {
          "object_addr": "module.vpc.var.private_subnet_cidrs",
          "status": "pass"
        }
      ]
    }
  ]
}
